
Microsoft Visual Studio Solution File, Format Version 12.00
# Visual Studio Version 17
Project("{2150E333-8FDC-42A3-9474-1A3956D46DE8}") = "CMakePredefinedTargets", "CMakePredefinedTargets", "{9AAFA14A-5FFB-3E22-B300-063B47C2DF60}"
EndProject
Project("{2150E333-8FDC-42A3-9474-1A3956D46DE8}") = "PhysX SDK", "PhysX SDK", "{F86D3B79-711D-33A5-9367-95E40C1D5E25}"
EndProject
Project("{8BC9CEB8-8B4A-11D0-8D11-00A0C91BC942}") = "ALL_BUILD", "ALL_BUILD.vcxproj", "{BAC0ADE4-61DA-323E-930B-F7164BA6CB18}"
	ProjectSection(ProjectDependencies) = postProject
		{B6CAED98-27FA-316D-9769-FB21C7AFCD91} = {B6CAED98-27FA-316D-9769-FB21C7AFCD91}
		{25A625CA-6FA1-3ED8-AF2C-89592BF5225A} = {25A625CA-6FA1-3ED8-AF2C-89592BF5225A}
		{648C036E-09DE-3E28-B188-E3BDB71B83CF} = {648C036E-09DE-3E28-B188-E3BDB71B83CF}
		{BA89072A-2B95-3E56-8234-C6CB8B35FD29} = {BA89072A-2B95-3E56-8234-C6CB8B35FD29}
		{3888328F-DA52-3F6E-BD7C-25CB07458A78} = {3888328F-DA52-3F6E-BD7C-25CB07458A78}
		{E885F0B0-8DB0-3662-ADCA-9E8C377F849E} = {E885F0B0-8DB0-3662-ADCA-9E8C377F849E}
		{C1E41D30-E23F-3181-BFD6-9B167E23EC09} = {C1E41D30-E23F-3181-BFD6-9B167E23EC09}
		{D291273B-14E3-3DD5-88CD-56EE18E6CEDC} = {D291273B-14E3-3DD5-88CD-56EE18E6CEDC}
		{AA09A8C3-CD94-3B75-837E-B39169B8110F} = {AA09A8C3-CD94-3B75-837E-B39169B8110F}
		{B19C6A2C-FDAB-33DE-BAB4-14B2C9A01F1F} = {B19C6A2C-FDAB-33DE-BAB4-14B2C9A01F1F}
		{ADD50976-FF07-3DE4-9170-BA45F18BAA5B} = {ADD50976-FF07-3DE4-9170-BA45F18BAA5B}
		{16BE5B80-BE42-3D26-9A69-FAAD2945BE03} = {16BE5B80-BE42-3D26-9A69-FAAD2945BE03}
		{504CEF2D-3EC4-3409-A682-90A8E5EF986B} = {504CEF2D-3EC4-3409-A682-90A8E5EF986B}
		{7CE0BD86-5095-3428-992C-7DF0501531F3} = {7CE0BD86-5095-3428-992C-7DF0501531F3}
		{74EEA81E-4B6A-3EE3-B343-0024E26B2324} = {74EEA81E-4B6A-3EE3-B343-0024E26B2324}
		{F6923136-2154-382C-A0C8-7BB228B4EF59} = {F6923136-2154-382C-A0C8-7BB228B4EF59}
	EndProjectSection
EndProject
Project("{8BC9CEB8-8B4A-11D0-8D11-00A0C91BC942}") = "FastXml", "FastXml.vcxproj", "{B6CAED98-27FA-316D-9769-FB21C7AFCD91}"
	ProjectSection(ProjectDependencies) = postProject
		{F6923136-2154-382C-A0C8-7BB228B4EF59} = {F6923136-2154-382C-A0C8-7BB228B4EF59}
	EndProjectSection
EndProject
Project("{8BC9CEB8-8B4A-11D0-8D11-00A0C91BC942}") = "INSTALL", "INSTALL.vcxproj", "{228D6D66-33F5-338B-8641-D38B0AB5EA89}"
	ProjectSection(ProjectDependencies) = postProject
		{BAC0ADE4-61DA-323E-930B-F7164BA6CB18} = {BAC0ADE4-61DA-323E-930B-F7164BA6CB18}
		{F6923136-2154-382C-A0C8-7BB228B4EF59} = {F6923136-2154-382C-A0C8-7BB228B4EF59}
	EndProjectSection
EndProject
Project("{8BC9CEB8-8B4A-11D0-8D11-00A0C91BC942}") = "LowLevel", "LowLevel.vcxproj", "{25A625CA-6FA1-3ED8-AF2C-89592BF5225A}"
	ProjectSection(ProjectDependencies) = postProject
		{F6923136-2154-382C-A0C8-7BB228B4EF59} = {F6923136-2154-382C-A0C8-7BB228B4EF59}
	EndProjectSection
EndProject
Project("{8BC9CEB8-8B4A-11D0-8D11-00A0C91BC942}") = "LowLevelAABB", "LowLevelAABB.vcxproj", "{648C036E-09DE-3E28-B188-E3BDB71B83CF}"
	ProjectSection(ProjectDependencies) = postProject
		{F6923136-2154-382C-A0C8-7BB228B4EF59} = {F6923136-2154-382C-A0C8-7BB228B4EF59}
	EndProjectSection
EndProject
Project("{8BC9CEB8-8B4A-11D0-8D11-00A0C91BC942}") = "LowLevelDynamics", "LowLevelDynamics.vcxproj", "{BA89072A-2B95-3E56-8234-C6CB8B35FD29}"
	ProjectSection(ProjectDependencies) = postProject
		{F6923136-2154-382C-A0C8-7BB228B4EF59} = {F6923136-2154-382C-A0C8-7BB228B4EF59}
	EndProjectSection
EndProject
Project("{8BC9CEB8-8B4A-11D0-8D11-00A0C91BC942}") = "PhysX", "PhysX.vcxproj", "{3888328F-DA52-3F6E-BD7C-25CB07458A78}"
	ProjectSection(ProjectDependencies) = postProject
		{25A625CA-6FA1-3ED8-AF2C-89592BF5225A} = {25A625CA-6FA1-3ED8-AF2C-89592BF5225A}
		{648C036E-09DE-3E28-B188-E3BDB71B83CF} = {648C036E-09DE-3E28-B188-E3BDB71B83CF}
		{BA89072A-2B95-3E56-8234-C6CB8B35FD29} = {BA89072A-2B95-3E56-8234-C6CB8B35FD29}
		{C1E41D30-E23F-3181-BFD6-9B167E23EC09} = {C1E41D30-E23F-3181-BFD6-9B167E23EC09}
		{B19C6A2C-FDAB-33DE-BAB4-14B2C9A01F1F} = {B19C6A2C-FDAB-33DE-BAB4-14B2C9A01F1F}
		{ADD50976-FF07-3DE4-9170-BA45F18BAA5B} = {ADD50976-FF07-3DE4-9170-BA45F18BAA5B}
		{16BE5B80-BE42-3D26-9A69-FAAD2945BE03} = {16BE5B80-BE42-3D26-9A69-FAAD2945BE03}
		{7CE0BD86-5095-3428-992C-7DF0501531F3} = {7CE0BD86-5095-3428-992C-7DF0501531F3}
		{74EEA81E-4B6A-3EE3-B343-0024E26B2324} = {74EEA81E-4B6A-3EE3-B343-0024E26B2324}
		{F6923136-2154-382C-A0C8-7BB228B4EF59} = {F6923136-2154-382C-A0C8-7BB228B4EF59}
	EndProjectSection
EndProject
Project("{8BC9CEB8-8B4A-11D0-8D11-00A0C91BC942}") = "PhysXCharacterKinematic", "PhysXCharacterKinematic.vcxproj", "{E885F0B0-8DB0-3662-ADCA-9E8C377F849E}"
	ProjectSection(ProjectDependencies) = postProject
		{B19C6A2C-FDAB-33DE-BAB4-14B2C9A01F1F} = {B19C6A2C-FDAB-33DE-BAB4-14B2C9A01F1F}
		{F6923136-2154-382C-A0C8-7BB228B4EF59} = {F6923136-2154-382C-A0C8-7BB228B4EF59}
	EndProjectSection
EndProject
Project("{8BC9CEB8-8B4A-11D0-8D11-00A0C91BC942}") = "PhysXCommon", "PhysXCommon.vcxproj", "{C1E41D30-E23F-3181-BFD6-9B167E23EC09}"
	ProjectSection(ProjectDependencies) = postProject
		{B19C6A2C-FDAB-33DE-BAB4-14B2C9A01F1F} = {B19C6A2C-FDAB-33DE-BAB4-14B2C9A01F1F}
		{F6923136-2154-382C-A0C8-7BB228B4EF59} = {F6923136-2154-382C-A0C8-7BB228B4EF59}
	EndProjectSection
EndProject
Project("{8BC9CEB8-8B4A-11D0-8D11-00A0C91BC942}") = "PhysXCooking", "PhysXCooking.vcxproj", "{D291273B-14E3-3DD5-88CD-56EE18E6CEDC}"
	ProjectSection(ProjectDependencies) = postProject
		{C1E41D30-E23F-3181-BFD6-9B167E23EC09} = {C1E41D30-E23F-3181-BFD6-9B167E23EC09}
		{B19C6A2C-FDAB-33DE-BAB4-14B2C9A01F1F} = {B19C6A2C-FDAB-33DE-BAB4-14B2C9A01F1F}
		{F6923136-2154-382C-A0C8-7BB228B4EF59} = {F6923136-2154-382C-A0C8-7BB228B4EF59}
	EndProjectSection
EndProject
Project("{8BC9CEB8-8B4A-11D0-8D11-00A0C91BC942}") = "PhysXExtensions", "PhysXExtensions.vcxproj", "{AA09A8C3-CD94-3B75-837E-B39169B8110F}"
	ProjectSection(ProjectDependencies) = postProject
		{B6CAED98-27FA-316D-9769-FB21C7AFCD91} = {B6CAED98-27FA-316D-9769-FB21C7AFCD91}
		{3888328F-DA52-3F6E-BD7C-25CB07458A78} = {3888328F-DA52-3F6E-BD7C-25CB07458A78}
		{B19C6A2C-FDAB-33DE-BAB4-14B2C9A01F1F} = {B19C6A2C-FDAB-33DE-BAB4-14B2C9A01F1F}
		{ADD50976-FF07-3DE4-9170-BA45F18BAA5B} = {ADD50976-FF07-3DE4-9170-BA45F18BAA5B}
		{F6923136-2154-382C-A0C8-7BB228B4EF59} = {F6923136-2154-382C-A0C8-7BB228B4EF59}
	EndProjectSection
EndProject
Project("{8BC9CEB8-8B4A-11D0-8D11-00A0C91BC942}") = "PhysXFoundation", "PhysXFoundation.vcxproj", "{B19C6A2C-FDAB-33DE-BAB4-14B2C9A01F1F}"
	ProjectSection(ProjectDependencies) = postProject
		{F6923136-2154-382C-A0C8-7BB228B4EF59} = {F6923136-2154-382C-A0C8-7BB228B4EF59}
	EndProjectSection
EndProject
Project("{8BC9CEB8-8B4A-11D0-8D11-00A0C91BC942}") = "PhysXPvdSDK", "PhysXPvdSDK.vcxproj", "{ADD50976-FF07-3DE4-9170-BA45F18BAA5B}"
	ProjectSection(ProjectDependencies) = postProject
		{B19C6A2C-FDAB-33DE-BAB4-14B2C9A01F1F} = {B19C6A2C-FDAB-33DE-BAB4-14B2C9A01F1F}
		{F6923136-2154-382C-A0C8-7BB228B4EF59} = {F6923136-2154-382C-A0C8-7BB228B4EF59}
	EndProjectSection
EndProject
Project("{8BC9CEB8-8B4A-11D0-8D11-00A0C91BC942}") = "PhysXTask", "PhysXTask.vcxproj", "{16BE5B80-BE42-3D26-9A69-FAAD2945BE03}"
	ProjectSection(ProjectDependencies) = postProject
		{F6923136-2154-382C-A0C8-7BB228B4EF59} = {F6923136-2154-382C-A0C8-7BB228B4EF59}
	EndProjectSection
EndProject
Project("{8BC9CEB8-8B4A-11D0-8D11-00A0C91BC942}") = "PhysXVehicle", "PhysXVehicle.vcxproj", "{504CEF2D-3EC4-3409-A682-90A8E5EF986B}"
	ProjectSection(ProjectDependencies) = postProject
		{B19C6A2C-FDAB-33DE-BAB4-14B2C9A01F1F} = {B19C6A2C-FDAB-33DE-BAB4-14B2C9A01F1F}
		{ADD50976-FF07-3DE4-9170-BA45F18BAA5B} = {ADD50976-FF07-3DE4-9170-BA45F18BAA5B}
		{F6923136-2154-382C-A0C8-7BB228B4EF59} = {F6923136-2154-382C-A0C8-7BB228B4EF59}
	EndProjectSection
EndProject
Project("{8BC9CEB8-8B4A-11D0-8D11-00A0C91BC942}") = "SceneQuery", "SceneQuery.vcxproj", "{7CE0BD86-5095-3428-992C-7DF0501531F3}"
	ProjectSection(ProjectDependencies) = postProject
		{F6923136-2154-382C-A0C8-7BB228B4EF59} = {F6923136-2154-382C-A0C8-7BB228B4EF59}
	EndProjectSection
EndProject
Project("{8BC9CEB8-8B4A-11D0-8D11-00A0C91BC942}") = "SimulationController", "SimulationController.vcxproj", "{74EEA81E-4B6A-3EE3-B343-0024E26B2324}"
	ProjectSection(ProjectDependencies) = postProject
		{F6923136-2154-382C-A0C8-7BB228B4EF59} = {F6923136-2154-382C-A0C8-7BB228B4EF59}
	EndProjectSection
EndProject
Project("{8BC9CEB8-8B4A-11D0-8D11-00A0C91BC942}") = "ZERO_CHECK", "..\\ZERO_CHECK.vcxproj", "{F6923136-2154-382C-A0C8-7BB228B4EF59}"
	ProjectSection(ProjectDependencies) = postProject
	EndProjectSection
EndProject
Global
	GlobalSection(SolutionConfigurationPlatforms) = preSolution
		debug|x64 = debug|x64
		checked|x64 = checked|x64
		profile|x64 = profile|x64
		release|x64 = release|x64
	EndGlobalSection
	GlobalSection(ProjectConfigurationPlatforms) = postSolution
		{BAC0ADE4-61DA-323E-930B-F7164BA6CB18}.debug|x64.ActiveCfg = debug|x64
		{BAC0ADE4-61DA-323E-930B-F7164BA6CB18}.debug|x64.Build.0 = debug|x64
		{BAC0ADE4-61DA-323E-930B-F7164BA6CB18}.checked|x64.ActiveCfg = checked|x64
		{BAC0ADE4-61DA-323E-930B-F7164BA6CB18}.checked|x64.Build.0 = checked|x64
		{BAC0ADE4-61DA-323E-930B-F7164BA6CB18}.profile|x64.ActiveCfg = profile|x64
		{BAC0ADE4-61DA-323E-930B-F7164BA6CB18}.profile|x64.Build.0 = profile|x64
		{BAC0ADE4-61DA-323E-930B-F7164BA6CB18}.release|x64.ActiveCfg = release|x64
		{BAC0ADE4-61DA-323E-930B-F7164BA6CB18}.release|x64.Build.0 = release|x64
		{B6CAED98-27FA-316D-9769-FB21C7AFCD91}.debug|x64.ActiveCfg = debug|x64
		{B6CAED98-27FA-316D-9769-FB21C7AFCD91}.debug|x64.Build.0 = debug|x64
		{B6CAED98-27FA-316D-9769-FB21C7AFCD91}.checked|x64.ActiveCfg = checked|x64
		{B6CAED98-27FA-316D-9769-FB21C7AFCD91}.checked|x64.Build.0 = checked|x64
		{B6CAED98-27FA-316D-9769-FB21C7AFCD91}.profile|x64.ActiveCfg = profile|x64
		{B6CAED98-27FA-316D-9769-FB21C7AFCD91}.profile|x64.Build.0 = profile|x64
		{B6CAED98-27FA-316D-9769-FB21C7AFCD91}.release|x64.ActiveCfg = release|x64
		{B6CAED98-27FA-316D-9769-FB21C7AFCD91}.release|x64.Build.0 = release|x64
		{228D6D66-33F5-338B-8641-D38B0AB5EA89}.debug|x64.ActiveCfg = debug|x64
		{228D6D66-33F5-338B-8641-D38B0AB5EA89}.checked|x64.ActiveCfg = checked|x64
		{228D6D66-33F5-338B-8641-D38B0AB5EA89}.profile|x64.ActiveCfg = profile|x64
		{228D6D66-33F5-338B-8641-D38B0AB5EA89}.release|x64.ActiveCfg = release|x64
		{25A625CA-6FA1-3ED8-AF2C-89592BF5225A}.debug|x64.ActiveCfg = debug|x64
		{25A625CA-6FA1-3ED8-AF2C-89592BF5225A}.debug|x64.Build.0 = debug|x64
		{25A625CA-6FA1-3ED8-AF2C-89592BF5225A}.checked|x64.ActiveCfg = checked|x64
		{25A625CA-6FA1-3ED8-AF2C-89592BF5225A}.checked|x64.Build.0 = checked|x64
		{25A625CA-6FA1-3ED8-AF2C-89592BF5225A}.profile|x64.ActiveCfg = profile|x64
		{25A625CA-6FA1-3ED8-AF2C-89592BF5225A}.profile|x64.Build.0 = profile|x64
		{25A625CA-6FA1-3ED8-AF2C-89592BF5225A}.release|x64.ActiveCfg = release|x64
		{25A625CA-6FA1-3ED8-AF2C-89592BF5225A}.release|x64.Build.0 = release|x64
		{648C036E-09DE-3E28-B188-E3BDB71B83CF}.debug|x64.ActiveCfg = debug|x64
		{648C036E-09DE-3E28-B188-E3BDB71B83CF}.debug|x64.Build.0 = debug|x64
		{648C036E-09DE-3E28-B188-E3BDB71B83CF}.checked|x64.ActiveCfg = checked|x64
		{648C036E-09DE-3E28-B188-E3BDB71B83CF}.checked|x64.Build.0 = checked|x64
		{648C036E-09DE-3E28-B188-E3BDB71B83CF}.profile|x64.ActiveCfg = profile|x64
		{648C036E-09DE-3E28-B188-E3BDB71B83CF}.profile|x64.Build.0 = profile|x64
		{648C036E-09DE-3E28-B188-E3BDB71B83CF}.release|x64.ActiveCfg = release|x64
		{648C036E-09DE-3E28-B188-E3BDB71B83CF}.release|x64.Build.0 = release|x64
		{BA89072A-2B95-3E56-8234-C6CB8B35FD29}.debug|x64.ActiveCfg = debug|x64
		{BA89072A-2B95-3E56-8234-C6CB8B35FD29}.debug|x64.Build.0 = debug|x64
		{BA89072A-2B95-3E56-8234-C6CB8B35FD29}.checked|x64.ActiveCfg = checked|x64
		{BA89072A-2B95-3E56-8234-C6CB8B35FD29}.checked|x64.Build.0 = checked|x64
		{BA89072A-2B95-3E56-8234-C6CB8B35FD29}.profile|x64.ActiveCfg = profile|x64
		{BA89072A-2B95-3E56-8234-C6CB8B35FD29}.profile|x64.Build.0 = profile|x64
		{BA89072A-2B95-3E56-8234-C6CB8B35FD29}.release|x64.ActiveCfg = release|x64
		{BA89072A-2B95-3E56-8234-C6CB8B35FD29}.release|x64.Build.0 = release|x64
		{3888328F-DA52-3F6E-BD7C-25CB07458A78}.debug|x64.ActiveCfg = debug|x64
		{3888328F-DA52-3F6E-BD7C-25CB07458A78}.debug|x64.Build.0 = debug|x64
		{3888328F-DA52-3F6E-BD7C-25CB07458A78}.checked|x64.ActiveCfg = checked|x64
		{3888328F-DA52-3F6E-BD7C-25CB07458A78}.checked|x64.Build.0 = checked|x64
		{3888328F-DA52-3F6E-BD7C-25CB07458A78}.profile|x64.ActiveCfg = profile|x64
		{3888328F-DA52-3F6E-BD7C-25CB07458A78}.profile|x64.Build.0 = profile|x64
		{3888328F-DA52-3F6E-BD7C-25CB07458A78}.release|x64.ActiveCfg = release|x64
		{3888328F-DA52-3F6E-BD7C-25CB07458A78}.release|x64.Build.0 = release|x64
		{E885F0B0-8DB0-3662-ADCA-9E8C377F849E}.debug|x64.ActiveCfg = debug|x64
		{E885F0B0-8DB0-3662-ADCA-9E8C377F849E}.debug|x64.Build.0 = debug|x64
		{E885F0B0-8DB0-3662-ADCA-9E8C377F849E}.checked|x64.ActiveCfg = checked|x64
		{E885F0B0-8DB0-3662-ADCA-9E8C377F849E}.checked|x64.Build.0 = checked|x64
		{E885F0B0-8DB0-3662-ADCA-9E8C377F849E}.profile|x64.ActiveCfg = profile|x64
		{E885F0B0-8DB0-3662-ADCA-9E8C377F849E}.profile|x64.Build.0 = profile|x64
		{E885F0B0-8DB0-3662-ADCA-9E8C377F849E}.release|x64.ActiveCfg = release|x64
		{E885F0B0-8DB0-3662-ADCA-9E8C377F849E}.release|x64.Build.0 = release|x64
		{C1E41D30-E23F-3181-BFD6-9B167E23EC09}.debug|x64.ActiveCfg = debug|x64
		{C1E41D30-E23F-3181-BFD6-9B167E23EC09}.debug|x64.Build.0 = debug|x64
		{C1E41D30-E23F-3181-BFD6-9B167E23EC09}.checked|x64.ActiveCfg = checked|x64
		{C1E41D30-E23F-3181-BFD6-9B167E23EC09}.checked|x64.Build.0 = checked|x64
		{C1E41D30-E23F-3181-BFD6-9B167E23EC09}.profile|x64.ActiveCfg = profile|x64
		{C1E41D30-E23F-3181-BFD6-9B167E23EC09}.profile|x64.Build.0 = profile|x64
		{C1E41D30-E23F-3181-BFD6-9B167E23EC09}.release|x64.ActiveCfg = release|x64
		{C1E41D30-E23F-3181-BFD6-9B167E23EC09}.release|x64.Build.0 = release|x64
		{D291273B-14E3-3DD5-88CD-56EE18E6CEDC}.debug|x64.ActiveCfg = debug|x64
		{D291273B-14E3-3DD5-88CD-56EE18E6CEDC}.debug|x64.Build.0 = debug|x64
		{D291273B-14E3-3DD5-88CD-56EE18E6CEDC}.checked|x64.ActiveCfg = checked|x64
		{D291273B-14E3-3DD5-88CD-56EE18E6CEDC}.checked|x64.Build.0 = checked|x64
		{D291273B-14E3-3DD5-88CD-56EE18E6CEDC}.profile|x64.ActiveCfg = profile|x64
		{D291273B-14E3-3DD5-88CD-56EE18E6CEDC}.profile|x64.Build.0 = profile|x64
		{D291273B-14E3-3DD5-88CD-56EE18E6CEDC}.release|x64.ActiveCfg = release|x64
		{D291273B-14E3-3DD5-88CD-56EE18E6CEDC}.release|x64.Build.0 = release|x64
		{AA09A8C3-CD94-3B75-837E-B39169B8110F}.debug|x64.ActiveCfg = debug|x64
		{AA09A8C3-CD94-3B75-837E-B39169B8110F}.debug|x64.Build.0 = debug|x64
		{AA09A8C3-CD94-3B75-837E-B39169B8110F}.checked|x64.ActiveCfg = checked|x64
		{AA09A8C3-CD94-3B75-837E-B39169B8110F}.checked|x64.Build.0 = checked|x64
		{AA09A8C3-CD94-3B75-837E-B39169B8110F}.profile|x64.ActiveCfg = profile|x64
		{AA09A8C3-CD94-3B75-837E-B39169B8110F}.profile|x64.Build.0 = profile|x64
		{AA09A8C3-CD94-3B75-837E-B39169B8110F}.release|x64.ActiveCfg = release|x64
		{AA09A8C3-CD94-3B75-837E-B39169B8110F}.release|x64.Build.0 = release|x64
		{B19C6A2C-FDAB-33DE-BAB4-14B2C9A01F1F}.debug|x64.ActiveCfg = debug|x64
		{B19C6A2C-FDAB-33DE-BAB4-14B2C9A01F1F}.debug|x64.Build.0 = debug|x64
		{B19C6A2C-FDAB-33DE-BAB4-14B2C9A01F1F}.checked|x64.ActiveCfg = checked|x64
		{B19C6A2C-FDAB-33DE-BAB4-14B2C9A01F1F}.checked|x64.Build.0 = checked|x64
		{B19C6A2C-FDAB-33DE-BAB4-14B2C9A01F1F}.profile|x64.ActiveCfg = profile|x64
		{B19C6A2C-FDAB-33DE-BAB4-14B2C9A01F1F}.profile|x64.Build.0 = profile|x64
		{B19C6A2C-FDAB-33DE-BAB4-14B2C9A01F1F}.release|x64.ActiveCfg = release|x64
		{B19C6A2C-FDAB-33DE-BAB4-14B2C9A01F1F}.release|x64.Build.0 = release|x64
		{ADD50976-FF07-3DE4-9170-BA45F18BAA5B}.debug|x64.ActiveCfg = debug|x64
		{ADD50976-FF07-3DE4-9170-BA45F18BAA5B}.debug|x64.Build.0 = debug|x64
		{ADD50976-FF07-3DE4-9170-BA45F18BAA5B}.checked|x64.ActiveCfg = checked|x64
		{ADD50976-FF07-3DE4-9170-BA45F18BAA5B}.checked|x64.Build.0 = checked|x64
		{ADD50976-FF07-3DE4-9170-BA45F18BAA5B}.profile|x64.ActiveCfg = profile|x64
		{ADD50976-FF07-3DE4-9170-BA45F18BAA5B}.profile|x64.Build.0 = profile|x64
		{ADD50976-FF07-3DE4-9170-BA45F18BAA5B}.release|x64.ActiveCfg = release|x64
		{ADD50976-FF07-3DE4-9170-BA45F18BAA5B}.release|x64.Build.0 = release|x64
		{16BE5B80-BE42-3D26-9A69-FAAD2945BE03}.debug|x64.ActiveCfg = debug|x64
		{16BE5B80-BE42-3D26-9A69-FAAD2945BE03}.debug|x64.Build.0 = debug|x64
		{16BE5B80-BE42-3D26-9A69-FAAD2945BE03}.checked|x64.ActiveCfg = checked|x64
		{16BE5B80-BE42-3D26-9A69-FAAD2945BE03}.checked|x64.Build.0 = checked|x64
		{16BE5B80-BE42-3D26-9A69-FAAD2945BE03}.profile|x64.ActiveCfg = profile|x64
		{16BE5B80-BE42-3D26-9A69-FAAD2945BE03}.profile|x64.Build.0 = profile|x64
		{16BE5B80-BE42-3D26-9A69-FAAD2945BE03}.release|x64.ActiveCfg = release|x64
		{16BE5B80-BE42-3D26-9A69-FAAD2945BE03}.release|x64.Build.0 = release|x64
		{504CEF2D-3EC4-3409-A682-90A8E5EF986B}.debug|x64.ActiveCfg = debug|x64
		{504CEF2D-3EC4-3409-A682-90A8E5EF986B}.debug|x64.Build.0 = debug|x64
		{504CEF2D-3EC4-3409-A682-90A8E5EF986B}.checked|x64.ActiveCfg = checked|x64
		{504CEF2D-3EC4-3409-A682-90A8E5EF986B}.checked|x64.Build.0 = checked|x64
		{504CEF2D-3EC4-3409-A682-90A8E5EF986B}.profile|x64.ActiveCfg = profile|x64
		{504CEF2D-3EC4-3409-A682-90A8E5EF986B}.profile|x64.Build.0 = profile|x64
		{504CEF2D-3EC4-3409-A682-90A8E5EF986B}.release|x64.ActiveCfg = release|x64
		{504CEF2D-3EC4-3409-A682-90A8E5EF986B}.release|x64.Build.0 = release|x64
		{7CE0BD86-5095-3428-992C-7DF0501531F3}.debug|x64.ActiveCfg = debug|x64
		{7CE0BD86-5095-3428-992C-7DF0501531F3}.debug|x64.Build.0 = debug|x64
		{7CE0BD86-5095-3428-992C-7DF0501531F3}.checked|x64.ActiveCfg = checked|x64
		{7CE0BD86-5095-3428-992C-7DF0501531F3}.checked|x64.Build.0 = checked|x64
		{7CE0BD86-5095-3428-992C-7DF0501531F3}.profile|x64.ActiveCfg = profile|x64
		{7CE0BD86-5095-3428-992C-7DF0501531F3}.profile|x64.Build.0 = profile|x64
		{7CE0BD86-5095-3428-992C-7DF0501531F3}.release|x64.ActiveCfg = release|x64
		{7CE0BD86-5095-3428-992C-7DF0501531F3}.release|x64.Build.0 = release|x64
		{74EEA81E-4B6A-3EE3-B343-0024E26B2324}.debug|x64.ActiveCfg = debug|x64
		{74EEA81E-4B6A-3EE3-B343-0024E26B2324}.debug|x64.Build.0 = debug|x64
		{74EEA81E-4B6A-3EE3-B343-0024E26B2324}.checked|x64.ActiveCfg = checked|x64
		{74EEA81E-4B6A-3EE3-B343-0024E26B2324}.checked|x64.Build.0 = checked|x64
		{74EEA81E-4B6A-3EE3-B343-0024E26B2324}.profile|x64.ActiveCfg = profile|x64
		{74EEA81E-4B6A-3EE3-B343-0024E26B2324}.profile|x64.Build.0 = profile|x64
		{74EEA81E-4B6A-3EE3-B343-0024E26B2324}.release|x64.ActiveCfg = release|x64
		{74EEA81E-4B6A-3EE3-B343-0024E26B2324}.release|x64.Build.0 = release|x64
		{F6923136-2154-382C-A0C8-7BB228B4EF59}.debug|x64.ActiveCfg = debug|x64
		{F6923136-2154-382C-A0C8-7BB228B4EF59}.debug|x64.Build.0 = debug|x64
		{F6923136-2154-382C-A0C8-7BB228B4EF59}.checked|x64.ActiveCfg = checked|x64
		{F6923136-2154-382C-A0C8-7BB228B4EF59}.checked|x64.Build.0 = checked|x64
		{F6923136-2154-382C-A0C8-7BB228B4EF59}.profile|x64.ActiveCfg = profile|x64
		{F6923136-2154-382C-A0C8-7BB228B4EF59}.profile|x64.Build.0 = profile|x64
		{F6923136-2154-382C-A0C8-7BB228B4EF59}.release|x64.ActiveCfg = release|x64
		{F6923136-2154-382C-A0C8-7BB228B4EF59}.release|x64.Build.0 = release|x64
	EndGlobalSection
	GlobalSection(NestedProjects) = preSolution
		{BAC0ADE4-61DA-323E-930B-F7164BA6CB18} = {9AAFA14A-5FFB-3E22-B300-063B47C2DF60}
		{228D6D66-33F5-338B-8641-D38B0AB5EA89} = {9AAFA14A-5FFB-3E22-B300-063B47C2DF60}
		{F6923136-2154-382C-A0C8-7BB228B4EF59} = {9AAFA14A-5FFB-3E22-B300-063B47C2DF60}
		{B6CAED98-27FA-316D-9769-FB21C7AFCD91} = {F86D3B79-711D-33A5-9367-95E40C1D5E25}
		{25A625CA-6FA1-3ED8-AF2C-89592BF5225A} = {F86D3B79-711D-33A5-9367-95E40C1D5E25}
		{648C036E-09DE-3E28-B188-E3BDB71B83CF} = {F86D3B79-711D-33A5-9367-95E40C1D5E25}
		{BA89072A-2B95-3E56-8234-C6CB8B35FD29} = {F86D3B79-711D-33A5-9367-95E40C1D5E25}
		{3888328F-DA52-3F6E-BD7C-25CB07458A78} = {F86D3B79-711D-33A5-9367-95E40C1D5E25}
		{E885F0B0-8DB0-3662-ADCA-9E8C377F849E} = {F86D3B79-711D-33A5-9367-95E40C1D5E25}
		{C1E41D30-E23F-3181-BFD6-9B167E23EC09} = {F86D3B79-711D-33A5-9367-95E40C1D5E25}
		{D291273B-14E3-3DD5-88CD-56EE18E6CEDC} = {F86D3B79-711D-33A5-9367-95E40C1D5E25}
		{AA09A8C3-CD94-3B75-837E-B39169B8110F} = {F86D3B79-711D-33A5-9367-95E40C1D5E25}
		{B19C6A2C-FDAB-33DE-BAB4-14B2C9A01F1F} = {F86D3B79-711D-33A5-9367-95E40C1D5E25}
		{ADD50976-FF07-3DE4-9170-BA45F18BAA5B} = {F86D3B79-711D-33A5-9367-95E40C1D5E25}
		{16BE5B80-BE42-3D26-9A69-FAAD2945BE03} = {F86D3B79-711D-33A5-9367-95E40C1D5E25}
		{504CEF2D-3EC4-3409-A682-90A8E5EF986B} = {F86D3B79-711D-33A5-9367-95E40C1D5E25}
		{7CE0BD86-5095-3428-992C-7DF0501531F3} = {F86D3B79-711D-33A5-9367-95E40C1D5E25}
		{74EEA81E-4B6A-3EE3-B343-0024E26B2324} = {F86D3B79-711D-33A5-9367-95E40C1D5E25}
	EndGlobalSection
	GlobalSection(ExtensibilityGlobals) = postSolution
		SolutionGuid = {03C3A912-E187-3964-BA44-CCE607CBBD41}
	EndGlobalSection
	GlobalSection(ExtensibilityAddIns) = postSolution
	EndGlobalSection
EndGlobal
