<?xml version="1.0" encoding="utf-8"?>
<Project ToolsVersion="17.0" xmlns="http://schemas.microsoft.com/developer/msbuild/2003">
  <ItemGroup>
    <ClCompile Include="C:\Users\weichang\Desktop\PhysX\physx\source\physxmetadata\core\src\PxAutoGeneratedMetaDataObjects.cpp">
      <Filter>metadata\src</Filter>
    </ClCompile>
    <ClCompile Include="C:\Users\weichang\Desktop\PhysX\physx\source\physxmetadata\core\src\PxMetaDataObjects.cpp">
      <Filter>metadata\src</Filter>
    </ClCompile>
    <ClCompile Include="C:\Users\weichang\Desktop\PhysX\physx\source\physx\src\NpActor.cpp">
      <Filter>src</Filter>
    </ClCompile>
    <ClCompile Include="C:\Users\weichang\Desktop\PhysX\physx\source\physx\src\NpAggregate.cpp">
      <Filter>src</Filter>
    </ClCompile>
    <ClCompile Include="C:\Users\weichang\Desktop\PhysX\physx\source\physx\src\NpArticulationReducedCoordinate.cpp">
      <Filter>src</Filter>
    </ClCompile>
    <ClCompile Include="C:\Users\weichang\Desktop\PhysX\physx\source\physx\src\NpArticulation.cpp">
      <Filter>src</Filter>
    </ClCompile>
    <ClCompile Include="C:\Users\weichang\Desktop\PhysX\physx\source\physx\src\NpArticulationJoint.cpp">
      <Filter>src</Filter>
    </ClCompile>
    <ClCompile Include="C:\Users\weichang\Desktop\PhysX\physx\source\physx\src\NpArticulationJointReducedCoordinate.cpp">
      <Filter>src</Filter>
    </ClCompile>
    <ClCompile Include="C:\Users\weichang\Desktop\PhysX\physx\source\physx\src\NpArticulationLink.cpp">
      <Filter>src</Filter>
    </ClCompile>
    <ClCompile Include="C:\Users\weichang\Desktop\PhysX\physx\source\physx\src\NpBatchQuery.cpp">
      <Filter>src</Filter>
    </ClCompile>
    <ClCompile Include="C:\Users\weichang\Desktop\PhysX\physx\source\physx\src\NpConstraint.cpp">
      <Filter>src</Filter>
    </ClCompile>
    <ClCompile Include="C:\Users\weichang\Desktop\PhysX\physx\source\physx\src\NpFactory.cpp">
      <Filter>src</Filter>
    </ClCompile>
    <ClCompile Include="C:\Users\weichang\Desktop\PhysX\physx\source\physx\src\NpMaterial.cpp">
      <Filter>src</Filter>
    </ClCompile>
    <ClCompile Include="C:\Users\weichang\Desktop\PhysX\physx\source\physx\src\NpMetaData.cpp">
      <Filter>src</Filter>
    </ClCompile>
    <ClCompile Include="C:\Users\weichang\Desktop\PhysX\physx\source\physx\src\NpPhysics.cpp">
      <Filter>src</Filter>
    </ClCompile>
    <ClCompile Include="C:\Users\weichang\Desktop\PhysX\physx\source\physx\src\NpPvdSceneQueryCollector.cpp">
      <Filter>src</Filter>
    </ClCompile>
    <ClCompile Include="C:\Users\weichang\Desktop\PhysX\physx\source\physx\src\NpReadCheck.cpp">
      <Filter>src</Filter>
    </ClCompile>
    <ClCompile Include="C:\Users\weichang\Desktop\PhysX\physx\source\physx\src\NpRigidDynamic.cpp">
      <Filter>src</Filter>
    </ClCompile>
    <ClCompile Include="C:\Users\weichang\Desktop\PhysX\physx\source\physx\src\NpRigidStatic.cpp">
      <Filter>src</Filter>
    </ClCompile>
    <ClCompile Include="C:\Users\weichang\Desktop\PhysX\physx\source\physx\src\NpScene.cpp">
      <Filter>src</Filter>
    </ClCompile>
    <ClCompile Include="C:\Users\weichang\Desktop\PhysX\physx\source\physx\src\NpSceneQueries.cpp">
      <Filter>src</Filter>
    </ClCompile>
    <ClCompile Include="C:\Users\weichang\Desktop\PhysX\physx\source\physx\src\NpSerializerAdapter.cpp">
      <Filter>src</Filter>
    </ClCompile>
    <ClCompile Include="C:\Users\weichang\Desktop\PhysX\physx\source\physx\src\NpShape.cpp">
      <Filter>src</Filter>
    </ClCompile>
    <ClCompile Include="C:\Users\weichang\Desktop\PhysX\physx\source\physx\src\NpShapeManager.cpp">
      <Filter>src</Filter>
    </ClCompile>
    <ClCompile Include="C:\Users\weichang\Desktop\PhysX\physx\source\physx\src\NpWriteCheck.cpp">
      <Filter>src</Filter>
    </ClCompile>
    <ClCompile Include="C:\Users\weichang\Desktop\PhysX\physx\source\physx\src\PvdMetaDataPvdBinding.cpp">
      <Filter>src</Filter>
    </ClCompile>
    <ClCompile Include="C:\Users\weichang\Desktop\PhysX\physx\source\physx\src\PvdPhysicsClient.cpp">
      <Filter>src</Filter>
    </ClCompile>
    <ClCompile Include="C:\Users\weichang\Desktop\PhysX\physx\source\physx\src\buffering\ScbActor.cpp">
      <Filter>src\buffering</Filter>
    </ClCompile>
    <ClCompile Include="C:\Users\weichang\Desktop\PhysX\physx\source\physx\src\buffering\ScbAggregate.cpp">
      <Filter>src\buffering</Filter>
    </ClCompile>
    <ClCompile Include="C:\Users\weichang\Desktop\PhysX\physx\source\physx\src\buffering\ScbBase.cpp">
      <Filter>src\buffering</Filter>
    </ClCompile>
    <ClCompile Include="C:\Users\weichang\Desktop\PhysX\physx\source\physx\src\buffering\ScbMetaData.cpp">
      <Filter>src\buffering</Filter>
    </ClCompile>
    <ClCompile Include="C:\Users\weichang\Desktop\PhysX\physx\source\physx\src\buffering\ScbScene.cpp">
      <Filter>src\buffering</Filter>
    </ClCompile>
    <ClCompile Include="C:\Users\weichang\Desktop\PhysX\physx\source\physx\src\buffering\ScbScenePvdClient.cpp">
      <Filter>src\buffering</Filter>
    </ClCompile>
    <ClCompile Include="C:\Users\weichang\Desktop\PhysX\physx\source\physx\src\buffering\ScbShape.cpp">
      <Filter>src\buffering</Filter>
    </ClCompile>
    <ClCompile Include="C:\Users\weichang\Desktop\PhysX\physx\source\immediatemode\src\NpImmediateMode.cpp">
      <Filter>src\immediatemode</Filter>
    </ClCompile>
    <ClCompile Include="C:\Users\weichang\Desktop\PhysX\physx\source\physx\src\device\windows\PhysXIndicatorWindows.cpp">
      <Filter>src\device</Filter>
    </ClCompile>
    <ClCompile Include="C:\Users\weichang\Desktop\PhysX\physx\source\physx\src\gpu\PxGpu.cpp">
      <Filter>src\gpu</Filter>
    </ClCompile>
    <ClCompile Include="C:\Users\weichang\Desktop\PhysX\physx\source\physx\src\gpu\PxPhysXGpuModuleLoader.cpp">
      <Filter>src\gpu</Filter>
    </ClCompile>
    <ClCompile Include="C:\Users\weichang\Desktop\PhysX\physx\source\physx\src\windows\NpWindowsDelayLoadHook.cpp">
      <Filter>src\windows</Filter>
    </ClCompile>
  </ItemGroup>
  <ItemGroup>
    <ClInclude Include="C:\Users\weichang\Desktop\PhysX\physx\include\PxActor.h">
      <Filter>include</Filter>
    </ClInclude>
    <ClInclude Include="C:\Users\weichang\Desktop\PhysX\physx\include\PxAggregate.h">
      <Filter>include</Filter>
    </ClInclude>
    <ClInclude Include="C:\Users\weichang\Desktop\PhysX\physx\include\PxArticulationReducedCoordinate.h">
      <Filter>include</Filter>
    </ClInclude>
    <ClInclude Include="C:\Users\weichang\Desktop\PhysX\physx\include\PxArticulationBase.h">
      <Filter>include</Filter>
    </ClInclude>
    <ClInclude Include="C:\Users\weichang\Desktop\PhysX\physx\include\PxArticulation.h">
      <Filter>include</Filter>
    </ClInclude>
    <ClInclude Include="C:\Users\weichang\Desktop\PhysX\physx\include\PxArticulationJoint.h">
      <Filter>include</Filter>
    </ClInclude>
    <ClInclude Include="C:\Users\weichang\Desktop\PhysX\physx\include\PxArticulationJointReducedCoordinate.h">
      <Filter>include</Filter>
    </ClInclude>
    <ClInclude Include="C:\Users\weichang\Desktop\PhysX\physx\include\PxArticulationLink.h">
      <Filter>include</Filter>
    </ClInclude>
    <ClInclude Include="C:\Users\weichang\Desktop\PhysX\physx\include\PxBatchQuery.h">
      <Filter>include</Filter>
    </ClInclude>
    <ClInclude Include="C:\Users\weichang\Desktop\PhysX\physx\include\PxBatchQueryDesc.h">
      <Filter>include</Filter>
    </ClInclude>
    <ClInclude Include="C:\Users\weichang\Desktop\PhysX\physx\include\PxBroadPhase.h">
      <Filter>include</Filter>
    </ClInclude>
    <ClInclude Include="C:\Users\weichang\Desktop\PhysX\physx\include\PxClient.h">
      <Filter>include</Filter>
    </ClInclude>
    <ClInclude Include="C:\Users\weichang\Desktop\PhysX\physx\include\PxConstraint.h">
      <Filter>include</Filter>
    </ClInclude>
    <ClInclude Include="C:\Users\weichang\Desktop\PhysX\physx\include\PxConstraintDesc.h">
      <Filter>include</Filter>
    </ClInclude>
    <ClInclude Include="C:\Users\weichang\Desktop\PhysX\physx\include\PxContact.h">
      <Filter>include</Filter>
    </ClInclude>
    <ClInclude Include="C:\Users\weichang\Desktop\PhysX\physx\include\PxContactModifyCallback.h">
      <Filter>include</Filter>
    </ClInclude>
    <ClInclude Include="C:\Users\weichang\Desktop\PhysX\physx\include\PxDeletionListener.h">
      <Filter>include</Filter>
    </ClInclude>
    <ClInclude Include="C:\Users\weichang\Desktop\PhysX\physx\include\PxFiltering.h">
      <Filter>include</Filter>
    </ClInclude>
    <ClInclude Include="C:\Users\weichang\Desktop\PhysX\physx\include\PxForceMode.h">
      <Filter>include</Filter>
    </ClInclude>
    <ClInclude Include="C:\Users\weichang\Desktop\PhysX\physx\include\PxImmediateMode.h">
      <Filter>include</Filter>
    </ClInclude>
    <ClInclude Include="C:\Users\weichang\Desktop\PhysX\physx\include\PxLockedData.h">
      <Filter>include</Filter>
    </ClInclude>
    <ClInclude Include="C:\Users\weichang\Desktop\PhysX\physx\include\PxMaterial.h">
      <Filter>include</Filter>
    </ClInclude>
    <ClInclude Include="C:\Users\weichang\Desktop\PhysX\physx\include\PxPhysics.h">
      <Filter>include</Filter>
    </ClInclude>
    <ClInclude Include="C:\Users\weichang\Desktop\PhysX\physx\include\PxPhysicsAPI.h">
      <Filter>include</Filter>
    </ClInclude>
    <ClInclude Include="C:\Users\weichang\Desktop\PhysX\physx\include\PxPhysicsSerialization.h">
      <Filter>include</Filter>
    </ClInclude>
    <ClInclude Include="C:\Users\weichang\Desktop\PhysX\physx\include\PxPhysicsVersion.h">
      <Filter>include</Filter>
    </ClInclude>
    <ClInclude Include="C:\Users\weichang\Desktop\PhysX\physx\include\PxPhysXConfig.h">
      <Filter>include</Filter>
    </ClInclude>
    <ClInclude Include="C:\Users\weichang\Desktop\PhysX\physx\include\PxPruningStructure.h">
      <Filter>include</Filter>
    </ClInclude>
    <ClInclude Include="C:\Users\weichang\Desktop\PhysX\physx\include\PxQueryFiltering.h">
      <Filter>include</Filter>
    </ClInclude>
    <ClInclude Include="C:\Users\weichang\Desktop\PhysX\physx\include\PxQueryReport.h">
      <Filter>include</Filter>
    </ClInclude>
    <ClInclude Include="C:\Users\weichang\Desktop\PhysX\physx\include\PxRigidActor.h">
      <Filter>include</Filter>
    </ClInclude>
    <ClInclude Include="C:\Users\weichang\Desktop\PhysX\physx\include\PxRigidBody.h">
      <Filter>include</Filter>
    </ClInclude>
    <ClInclude Include="C:\Users\weichang\Desktop\PhysX\physx\include\PxRigidDynamic.h">
      <Filter>include</Filter>
    </ClInclude>
    <ClInclude Include="C:\Users\weichang\Desktop\PhysX\physx\include\PxRigidStatic.h">
      <Filter>include</Filter>
    </ClInclude>
    <ClInclude Include="C:\Users\weichang\Desktop\PhysX\physx\include\PxScene.h">
      <Filter>include</Filter>
    </ClInclude>
    <ClInclude Include="C:\Users\weichang\Desktop\PhysX\physx\include\PxSceneDesc.h">
      <Filter>include</Filter>
    </ClInclude>
    <ClInclude Include="C:\Users\weichang\Desktop\PhysX\physx\include\PxSceneLock.h">
      <Filter>include</Filter>
    </ClInclude>
    <ClInclude Include="C:\Users\weichang\Desktop\PhysX\physx\include\PxShape.h">
      <Filter>include</Filter>
    </ClInclude>
    <ClInclude Include="C:\Users\weichang\Desktop\PhysX\physx\include\PxSimulationEventCallback.h">
      <Filter>include</Filter>
    </ClInclude>
    <ClInclude Include="C:\Users\weichang\Desktop\PhysX\physx\include\PxSimulationStatistics.h">
      <Filter>include</Filter>
    </ClInclude>
    <ClInclude Include="C:\Users\weichang\Desktop\PhysX\physx\include\PxVisualizationParameter.h">
      <Filter>include</Filter>
    </ClInclude>
    <ClInclude Include="C:\Users\weichang\Desktop\PhysX\physx\include\common\PxBase.h">
      <Filter>include\common</Filter>
    </ClInclude>
    <ClInclude Include="C:\Users\weichang\Desktop\PhysX\physx\include\common\PxCollection.h">
      <Filter>include\common</Filter>
    </ClInclude>
    <ClInclude Include="C:\Users\weichang\Desktop\PhysX\physx\include\common\PxCoreUtilityTypes.h">
      <Filter>include\common</Filter>
    </ClInclude>
    <ClInclude Include="C:\Users\weichang\Desktop\PhysX\physx\include\common\PxMetaData.h">
      <Filter>include\common</Filter>
    </ClInclude>
    <ClInclude Include="C:\Users\weichang\Desktop\PhysX\physx\include\common\PxMetaDataFlags.h">
      <Filter>include\common</Filter>
    </ClInclude>
    <ClInclude Include="C:\Users\weichang\Desktop\PhysX\physx\include\common\PxPhysicsInsertionCallback.h">
      <Filter>include\common</Filter>
    </ClInclude>
    <ClInclude Include="C:\Users\weichang\Desktop\PhysX\physx\include\common\PxPhysXCommonConfig.h">
      <Filter>include\common</Filter>
    </ClInclude>
    <ClInclude Include="C:\Users\weichang\Desktop\PhysX\physx\include\common\PxRenderBuffer.h">
      <Filter>include\common</Filter>
    </ClInclude>
    <ClInclude Include="C:\Users\weichang\Desktop\PhysX\physx\include\common\PxSerialFramework.h">
      <Filter>include\common</Filter>
    </ClInclude>
    <ClInclude Include="C:\Users\weichang\Desktop\PhysX\physx\include\common\PxSerializer.h">
      <Filter>include\common</Filter>
    </ClInclude>
    <ClInclude Include="C:\Users\weichang\Desktop\PhysX\physx\include\common\PxStringTable.h">
      <Filter>include\common</Filter>
    </ClInclude>
    <ClInclude Include="C:\Users\weichang\Desktop\PhysX\physx\include\common\PxTolerancesScale.h">
      <Filter>include\common</Filter>
    </ClInclude>
    <ClInclude Include="C:\Users\weichang\Desktop\PhysX\physx\include\common\PxTypeInfo.h">
      <Filter>include\common</Filter>
    </ClInclude>
    <ClInclude Include="C:\Users\weichang\Desktop\PhysX\physx\include\common\PxProfileZone.h">
      <Filter>include\common</Filter>
    </ClInclude>
    <ClInclude Include="C:\Users\weichang\Desktop\PhysX\physx\include\pvd\PxPvdSceneClient.h">
      <Filter>include\pvd</Filter>
    </ClInclude>
    <ClInclude Include="C:\Users\weichang\Desktop\PhysX\physx\include\pvd\PxPvd.h">
      <Filter>include</Filter>
    </ClInclude>
    <ClInclude Include="C:\Users\weichang\Desktop\PhysX\physx\include\pvd\PxPvdTransport.h">
      <Filter>include</Filter>
    </ClInclude>
    <ClInclude Include="C:\Users\weichang\Desktop\PhysX\physx\include\solver\PxSolverDefs.h">
      <Filter>include\collision</Filter>
    </ClInclude>
    <ClInclude Include="C:\Users\weichang\Desktop\PhysX\physx\source\physxmetadata\core\include\PvdMetaDataDefineProperties.h">
      <Filter>metadata\include</Filter>
    </ClInclude>
    <ClInclude Include="C:\Users\weichang\Desktop\PhysX\physx\source\physxmetadata\core\include\PvdMetaDataExtensions.h">
      <Filter>metadata\include</Filter>
    </ClInclude>
    <ClInclude Include="C:\Users\weichang\Desktop\PhysX\physx\source\physxmetadata\core\include\PvdMetaDataPropertyVisitor.h">
      <Filter>metadata\include</Filter>
    </ClInclude>
    <ClInclude Include="C:\Users\weichang\Desktop\PhysX\physx\source\physxmetadata\core\include\PxAutoGeneratedMetaDataObjectNames.h">
      <Filter>metadata\include</Filter>
    </ClInclude>
    <ClInclude Include="C:\Users\weichang\Desktop\PhysX\physx\source\physxmetadata\core\include\PxAutoGeneratedMetaDataObjects.h">
      <Filter>metadata\include</Filter>
    </ClInclude>
    <ClInclude Include="C:\Users\weichang\Desktop\PhysX\physx\source\physxmetadata\core\include\PxMetaDataCompare.h">
      <Filter>metadata\include</Filter>
    </ClInclude>
    <ClInclude Include="C:\Users\weichang\Desktop\PhysX\physx\source\physxmetadata\core\include\PxMetaDataCppPrefix.h">
      <Filter>metadata\include</Filter>
    </ClInclude>
    <ClInclude Include="C:\Users\weichang\Desktop\PhysX\physx\source\physxmetadata\core\include\PxMetaDataObjects.h">
      <Filter>metadata\include</Filter>
    </ClInclude>
    <ClInclude Include="C:\Users\weichang\Desktop\PhysX\physx\source\physxmetadata\core\include\RepXMetaDataPropertyVisitor.h">
      <Filter>metadata\include</Filter>
    </ClInclude>
    <ClInclude Include="C:\Users\weichang\Desktop\PhysX\physx\source\physx\src\NpActor.h">
      <Filter>src</Filter>
    </ClInclude>
    <ClInclude Include="C:\Users\weichang\Desktop\PhysX\physx\source\physx\src\NpActorTemplate.h">
      <Filter>src</Filter>
    </ClInclude>
    <ClInclude Include="C:\Users\weichang\Desktop\PhysX\physx\source\physx\src\NpAggregate.h">
      <Filter>src</Filter>
    </ClInclude>
    <ClInclude Include="C:\Users\weichang\Desktop\PhysX\physx\source\physx\src\NpArticulationReducedCoordinate.h">
      <Filter>src</Filter>
    </ClInclude>
    <ClInclude Include="C:\Users\weichang\Desktop\PhysX\physx\source\physx\src\NpArticulation.h">
      <Filter>src</Filter>
    </ClInclude>
    <ClInclude Include="C:\Users\weichang\Desktop\PhysX\physx\source\physx\src\NpArticulationJoint.h">
      <Filter>src</Filter>
    </ClInclude>
    <ClInclude Include="C:\Users\weichang\Desktop\PhysX\physx\source\physx\src\NpArticulationJointReducedCoordinate.h">
      <Filter>src</Filter>
    </ClInclude>
    <ClInclude Include="C:\Users\weichang\Desktop\PhysX\physx\source\physx\src\NpArticulationLink.h">
      <Filter>src</Filter>
    </ClInclude>
    <ClInclude Include="C:\Users\weichang\Desktop\PhysX\physx\source\physx\src\NpArticulationTemplate.h">
      <Filter>src</Filter>
    </ClInclude>
    <ClInclude Include="C:\Users\weichang\Desktop\PhysX\physx\source\physx\src\NpBatchQuery.h">
      <Filter>src</Filter>
    </ClInclude>
    <ClInclude Include="C:\Users\weichang\Desktop\PhysX\physx\source\physx\src\NpCast.h">
      <Filter>src</Filter>
    </ClInclude>
    <ClInclude Include="C:\Users\weichang\Desktop\PhysX\physx\source\physx\src\NpConnector.h">
      <Filter>src</Filter>
    </ClInclude>
    <ClInclude Include="C:\Users\weichang\Desktop\PhysX\physx\source\physx\src\NpConstraint.h">
      <Filter>src</Filter>
    </ClInclude>
    <ClInclude Include="C:\Users\weichang\Desktop\PhysX\physx\source\physx\src\NpFactory.h">
      <Filter>src</Filter>
    </ClInclude>
    <ClInclude Include="C:\Users\weichang\Desktop\PhysX\physx\source\physx\src\NpMaterial.h">
      <Filter>src</Filter>
    </ClInclude>
    <ClInclude Include="C:\Users\weichang\Desktop\PhysX\physx\source\physx\src\NpMaterialManager.h">
      <Filter>src</Filter>
    </ClInclude>
    <ClInclude Include="C:\Users\weichang\Desktop\PhysX\physx\source\physx\src\NpPhysics.h">
      <Filter>src</Filter>
    </ClInclude>
    <ClInclude Include="C:\Users\weichang\Desktop\PhysX\physx\source\physx\src\NpPhysicsInsertionCallback.h">
      <Filter>src</Filter>
    </ClInclude>
    <ClInclude Include="C:\Users\weichang\Desktop\PhysX\physx\source\physx\src\NpPtrTableStorageManager.h">
      <Filter>src</Filter>
    </ClInclude>
    <ClInclude Include="C:\Users\weichang\Desktop\PhysX\physx\source\physx\src\NpPvdSceneQueryCollector.h">
      <Filter>src</Filter>
    </ClInclude>
    <ClInclude Include="C:\Users\weichang\Desktop\PhysX\physx\source\physx\src\NpQueryShared.h">
      <Filter>src</Filter>
    </ClInclude>
    <ClInclude Include="C:\Users\weichang\Desktop\PhysX\physx\source\physx\src\NpReadCheck.h">
      <Filter>src</Filter>
    </ClInclude>
    <ClInclude Include="C:\Users\weichang\Desktop\PhysX\physx\source\physx\src\NpRigidActorTemplate.h">
      <Filter>src</Filter>
    </ClInclude>
    <ClInclude Include="C:\Users\weichang\Desktop\PhysX\physx\source\physx\src\NpRigidActorTemplateInternal.h">
      <Filter>src</Filter>
    </ClInclude>
    <ClInclude Include="C:\Users\weichang\Desktop\PhysX\physx\source\physx\src\NpRigidBodyTemplate.h">
      <Filter>src</Filter>
    </ClInclude>
    <ClInclude Include="C:\Users\weichang\Desktop\PhysX\physx\source\physx\src\NpRigidDynamic.h">
      <Filter>src</Filter>
    </ClInclude>
    <ClInclude Include="C:\Users\weichang\Desktop\PhysX\physx\source\physx\src\NpRigidStatic.h">
      <Filter>src</Filter>
    </ClInclude>
    <ClInclude Include="C:\Users\weichang\Desktop\PhysX\physx\source\physx\src\NpScene.h">
      <Filter>src</Filter>
    </ClInclude>
    <ClInclude Include="C:\Users\weichang\Desktop\PhysX\physx\source\physx\src\NpSceneQueries.h">
      <Filter>src</Filter>
    </ClInclude>
    <ClInclude Include="C:\Users\weichang\Desktop\PhysX\physx\source\physx\src\NpSceneAccessor.h">
      <Filter>src</Filter>
    </ClInclude>
    <ClInclude Include="C:\Users\weichang\Desktop\PhysX\physx\source\physx\src\NpShape.h">
      <Filter>src</Filter>
    </ClInclude>
    <ClInclude Include="C:\Users\weichang\Desktop\PhysX\physx\source\physx\src\NpShapeManager.h">
      <Filter>src</Filter>
    </ClInclude>
    <ClInclude Include="C:\Users\weichang\Desktop\PhysX\physx\source\physx\src\NpWriteCheck.h">
      <Filter>src</Filter>
    </ClInclude>
    <ClInclude Include="C:\Users\weichang\Desktop\PhysX\physx\source\physx\src\PvdMetaDataBindingData.h">
      <Filter>src</Filter>
    </ClInclude>
    <ClInclude Include="C:\Users\weichang\Desktop\PhysX\physx\source\physx\src\PvdMetaDataPvdBinding.h">
      <Filter>src</Filter>
    </ClInclude>
    <ClInclude Include="C:\Users\weichang\Desktop\PhysX\physx\source\physx\src\PvdPhysicsClient.h">
      <Filter>src</Filter>
    </ClInclude>
    <ClInclude Include="C:\Users\weichang\Desktop\PhysX\physx\source\physx\src\PvdTypeNames.h">
      <Filter>src</Filter>
    </ClInclude>
    <ClInclude Include="C:\Users\weichang\Desktop\PhysX\physx\source\physx\src\buffering\ScbActor.h">
      <Filter>src\buffering</Filter>
    </ClInclude>
    <ClInclude Include="C:\Users\weichang\Desktop\PhysX\physx\source\physx\src\buffering\ScbAggregate.h">
      <Filter>src\buffering</Filter>
    </ClInclude>
    <ClInclude Include="C:\Users\weichang\Desktop\PhysX\physx\source\physx\src\buffering\ScbArticulation.h">
      <Filter>src\buffering</Filter>
    </ClInclude>
    <ClInclude Include="C:\Users\weichang\Desktop\PhysX\physx\source\physx\src\buffering\ScbArticulationJoint.h">
      <Filter>src\buffering</Filter>
    </ClInclude>
    <ClInclude Include="C:\Users\weichang\Desktop\PhysX\physx\source\physx\src\buffering\ScbBase.h">
      <Filter>src\buffering</Filter>
    </ClInclude>
    <ClInclude Include="C:\Users\weichang\Desktop\PhysX\physx\source\physx\src\buffering\ScbBody.h">
      <Filter>src\buffering</Filter>
    </ClInclude>
    <ClInclude Include="C:\Users\weichang\Desktop\PhysX\physx\source\physx\src\buffering\ScbConstraint.h">
      <Filter>src\buffering</Filter>
    </ClInclude>
    <ClInclude Include="C:\Users\weichang\Desktop\PhysX\physx\source\physx\src\buffering\ScbDefs.h">
      <Filter>src\buffering</Filter>
    </ClInclude>
    <ClInclude Include="C:\Users\weichang\Desktop\PhysX\physx\source\physx\src\buffering\ScbNpDeps.h">
      <Filter>src\buffering</Filter>
    </ClInclude>
    <ClInclude Include="C:\Users\weichang\Desktop\PhysX\physx\source\physx\src\buffering\ScbRigidObject.h">
      <Filter>src\buffering</Filter>
    </ClInclude>
    <ClInclude Include="C:\Users\weichang\Desktop\PhysX\physx\source\physx\src\buffering\ScbRigidStatic.h">
      <Filter>src\buffering</Filter>
    </ClInclude>
    <ClInclude Include="C:\Users\weichang\Desktop\PhysX\physx\source\physx\src\buffering\ScbScene.h">
      <Filter>src\buffering</Filter>
    </ClInclude>
    <ClInclude Include="C:\Users\weichang\Desktop\PhysX\physx\source\physx\src\buffering\ScbSceneBuffer.h">
      <Filter>src\buffering</Filter>
    </ClInclude>
    <ClInclude Include="C:\Users\weichang\Desktop\PhysX\physx\source\physx\src\buffering\ScbScenePvdClient.h">
      <Filter>src\buffering</Filter>
    </ClInclude>
    <ClInclude Include="C:\Users\weichang\Desktop\PhysX\physx\source\physx\src\buffering\ScbShape.h">
      <Filter>src\buffering</Filter>
    </ClInclude>
    <ClInclude Include="C:\Users\weichang\Desktop\PhysX\physx\source\physx\src\buffering\ScbType.h">
      <Filter>src\buffering</Filter>
    </ClInclude>
    <ClInclude Include="C:\Users\weichang\Desktop\PhysX\physx\include\gpu\PxGpu.h">
      <Filter>include\gpu</Filter>
    </ClInclude>
    <ClInclude Include="C:\Users\weichang\Desktop\PhysX\physx\include\cudamanager\PxCudaContextManager.h">
      <Filter>include\cudamanager</Filter>
    </ClInclude>
    <ClInclude Include="C:\Users\weichang\Desktop\PhysX\physx\include\cudamanager\PxCudaMemoryManager.h">
      <Filter>include\cudamanager</Filter>
    </ClInclude>
    <ClInclude Include="C:\Users\weichang\Desktop\PhysX\physx\source\compiler\resource_x64\resource.h">
      <Filter>resource</Filter>
    </ClInclude>
    <ClInclude Include="C:\Users\weichang\Desktop\PhysX\physx\include\common\windows\PxWindowsDelayLoadHook.h">
      <Filter>include\common\windows</Filter>
    </ClInclude>
    <ClInclude Include="C:\Users\weichang\Desktop\PhysX\physx\source\physx\src\device\nvPhysXtoDrv.h">
      <Filter>src\device</Filter>
    </ClInclude>
    <ClInclude Include="C:\Users\weichang\Desktop\PhysX\physx\source\physx\src\device\PhysXIndicator.h">
      <Filter>src\device</Filter>
    </ClInclude>
  </ItemGroup>
  <ItemGroup>
    <CustomBuild Include="C:\Users\weichang\Desktop\PhysX\physx\source\compiler\cmake\CMakeLists.txt" />
  </ItemGroup>
  <ItemGroup>
    <ResourceCompile Include="C:\Users\weichang\Desktop\PhysX\physx\source\compiler\resource_x64\PhysX.rc">
      <Filter>resource</Filter>
    </ResourceCompile>
  </ItemGroup>
  <ItemGroup>
    <Filter Include="include">
      <UniqueIdentifier>{AE163626-531D-30E8-A188-AF0576EBEB97}</UniqueIdentifier>
    </Filter>
    <Filter Include="include\collision">
      <UniqueIdentifier>{07E4AD3E-0C30-312D-AA54-F4C4726A7459}</UniqueIdentifier>
    </Filter>
    <Filter Include="include\common">
      <UniqueIdentifier>{6F5F1CFF-848A-36DD-B920-5C6AFF80DA29}</UniqueIdentifier>
    </Filter>
    <Filter Include="include\common\windows">
      <UniqueIdentifier>{4CDB4FFC-DBF2-30E4-9134-524840B05AAA}</UniqueIdentifier>
    </Filter>
    <Filter Include="include\cudamanager">
      <UniqueIdentifier>{4D9CD98F-93F1-3C21-A9BE-1181E37E9EEF}</UniqueIdentifier>
    </Filter>
    <Filter Include="include\gpu">
      <UniqueIdentifier>{17CF31C2-858E-3562-8FEF-DB94BE5B84B5}</UniqueIdentifier>
    </Filter>
    <Filter Include="include\pvd">
      <UniqueIdentifier>{A7502130-105B-334D-B075-A8A59E43B444}</UniqueIdentifier>
    </Filter>
    <Filter Include="metadata">
      <UniqueIdentifier>{B104E064-07A9-3294-9D94-44EBA30B64A7}</UniqueIdentifier>
    </Filter>
    <Filter Include="metadata\include">
      <UniqueIdentifier>{6464C0A2-CB14-36F1-9516-5A39CAAF5AA1}</UniqueIdentifier>
    </Filter>
    <Filter Include="metadata\src">
      <UniqueIdentifier>{43C9BD53-16C0-3DFC-92C6-5BCCE08F2932}</UniqueIdentifier>
    </Filter>
    <Filter Include="resource">
      <UniqueIdentifier>{6F9E5A73-A1C4-3D5D-B2E1-0890B83F6709}</UniqueIdentifier>
    </Filter>
    <Filter Include="src">
      <UniqueIdentifier>{EAE5B288-681D-3FAE-8C11-16B6952D3DB2}</UniqueIdentifier>
    </Filter>
    <Filter Include="src\buffering">
      <UniqueIdentifier>{EE87EEE6-E6EF-3B1C-91B8-61BC48A3AEE0}</UniqueIdentifier>
    </Filter>
    <Filter Include="src\device">
      <UniqueIdentifier>{AF7564D4-B086-35BD-83E2-03C29944B88A}</UniqueIdentifier>
    </Filter>
    <Filter Include="src\gpu">
      <UniqueIdentifier>{0AF5A952-8637-3F43-8836-43AA3705184C}</UniqueIdentifier>
    </Filter>
    <Filter Include="src\immediatemode">
      <UniqueIdentifier>{80C0426B-FED3-3AD8-B0C8-6024E189B421}</UniqueIdentifier>
    </Filter>
    <Filter Include="src\windows">
      <UniqueIdentifier>{4C3F9FF0-5B86-3364-B822-184C8C41A15A}</UniqueIdentifier>
    </Filter>
  </ItemGroup>
</Project>
