<?xml version="1.0" encoding="utf-8"?>
<Project ToolsVersion="17.0" xmlns="http://schemas.microsoft.com/developer/msbuild/2003">
  <ItemGroup>
    <ClCompile Include="C:\Users\weichang\Desktop\PhysX\physx\snippets\snippetcommon\ClassicMain.cpp">
      <Filter>Source Files</Filter>
    </ClCompile>
    <ClCompile Include="C:\Users\weichang\Desktop\PhysX\physx\snippets\snippetbvhstructure\SnippetBVHStructure.cpp">
      <Filter>Source Files</Filter>
    </ClCompile>
  </ItemGroup>
  <ItemGroup>
    <ClInclude Include="C:\Users\weichang\Desktop\PhysX\physx\snippets\snippetcommon\SnippetPrint.h">
      <Filter>Header Files</Filter>
    </ClInclude>
    <ClInclude Include="C:\Users\weichang\Desktop\PhysX\physx\snippets\snippetcommon\SnippetPVD.h">
      <Filter>Header Files</Filter>
    </ClInclude>
  </ItemGroup>
  <ItemGroup>
    <CustomBuild Include="C:\Users\weichang\Desktop\PhysX\physx\snippets\compiler\cmake\CMakeLists.txt" />
  </ItemGroup>
  <ItemGroup>
    <Filter Include="Header Files">
      <UniqueIdentifier>{4F7718E1-702C-3944-8FCA-3A70A5D0C36C}</UniqueIdentifier>
    </Filter>
    <Filter Include="Source Files">
      <UniqueIdentifier>{DD564CA8-EA4F-388F-8AF0-2185C96B7F76}</UniqueIdentifier>
    </Filter>
  </ItemGroup>
</Project>
