
Microsoft Visual Studio Solution File, Format Version 12.00
# Visual Studio Version 16
Project("{2150E333-8FDC-42A3-9474-1A3956D46DE8}") = "CMakePredefinedTargets", "CMakePredefinedTargets", "{4E48C06A-02F6-30DB-A207-35FB586BFCBD}"
EndProject
Project("{2150E333-8FDC-42A3-9474-1A3956D46DE8}") = "PhysX SDK", "PhysX SDK", "{B7BA23DA-AD4B-3451-9FA6-44E233E6E78B}"
EndProject
Project("{8BC9CEB8-8B4A-11D0-8D11-00A0C91BC942}") = "ALL_BUILD", "ALL_BUILD.vcxproj", "{CA88BDA9-62C9-3792-A60E-6122FDC4F64A}"
	ProjectSection(ProjectDependencies) = postProject
		{35704A94-53D6-3D4E-ADB7-855EFFC51DFC} = {35704A94-53D6-3D4E-ADB7-855EFFC51DFC}
		{F9E33A35-EAF7-37E0-99CE-6942C5A8582C} = {F9E33A35-EAF7-37E0-99CE-6942C5A8582C}
		{4F679688-480C-3D02-BABD-4A575956421B} = {4F679688-480C-3D02-BABD-4A575956421B}
		{CEF87C54-D15D-3874-AF7E-8A0EA76232F4} = {CEF87C54-D15D-3874-AF7E-8A0EA76232F4}
		{9AFA88BE-6CBA-3681-A435-ADCDC219F9F2} = {9AFA88BE-6CBA-3681-A435-ADCDC219F9F2}
		{ECFFB0E7-7895-3060-91AD-591DB353DD95} = {ECFFB0E7-7895-3060-91AD-591DB353DD95}
		{33B82076-5996-3F3F-A4BC-7C30045EE2D0} = {33B82076-5996-3F3F-A4BC-7C30045EE2D0}
		{609F7593-3257-3761-9A8F-844F7171F02A} = {609F7593-3257-3761-9A8F-844F7171F02A}
		{3E6C3F09-91D6-3177-BD22-C30106EF8807} = {3E6C3F09-91D6-3177-BD22-C30106EF8807}
		{F390AC61-A7B1-3E36-B686-0C16C6DB9DF9} = {F390AC61-A7B1-3E36-B686-0C16C6DB9DF9}
		{49EC873E-C2C1-3B11-AA38-26A3EC00582B} = {49EC873E-C2C1-3B11-AA38-26A3EC00582B}
		{66770FB4-BF47-3B35-B11A-1DA3C06FC088} = {66770FB4-BF47-3B35-B11A-1DA3C06FC088}
		{1A414E1B-5EE2-3DA8-BDB2-6BFB37A14167} = {1A414E1B-5EE2-3DA8-BDB2-6BFB37A14167}
		{ADCC703B-319A-3AE2-8464-AE9F30CD3FAE} = {ADCC703B-319A-3AE2-8464-AE9F30CD3FAE}
		{1A34FEF0-DAC4-3494-A701-3AD43831D3ED} = {1A34FEF0-DAC4-3494-A701-3AD43831D3ED}
		{ED8EE851-AC24-3760-BDF8-F77469B31DF0} = {ED8EE851-AC24-3760-BDF8-F77469B31DF0}
	EndProjectSection
EndProject
Project("{8BC9CEB8-8B4A-11D0-8D11-00A0C91BC942}") = "FastXml", "FastXml.vcxproj", "{35704A94-53D6-3D4E-ADB7-855EFFC51DFC}"
	ProjectSection(ProjectDependencies) = postProject
		{ED8EE851-AC24-3760-BDF8-F77469B31DF0} = {ED8EE851-AC24-3760-BDF8-F77469B31DF0}
	EndProjectSection
EndProject
Project("{8BC9CEB8-8B4A-11D0-8D11-00A0C91BC942}") = "INSTALL", "INSTALL.vcxproj", "{DED6338C-8C3C-3F64-A0F8-E18FCBDFAAB5}"
	ProjectSection(ProjectDependencies) = postProject
		{CA88BDA9-62C9-3792-A60E-6122FDC4F64A} = {CA88BDA9-62C9-3792-A60E-6122FDC4F64A}
		{ED8EE851-AC24-3760-BDF8-F77469B31DF0} = {ED8EE851-AC24-3760-BDF8-F77469B31DF0}
	EndProjectSection
EndProject
Project("{8BC9CEB8-8B4A-11D0-8D11-00A0C91BC942}") = "LowLevel", "LowLevel.vcxproj", "{F9E33A35-EAF7-37E0-99CE-6942C5A8582C}"
	ProjectSection(ProjectDependencies) = postProject
		{ED8EE851-AC24-3760-BDF8-F77469B31DF0} = {ED8EE851-AC24-3760-BDF8-F77469B31DF0}
	EndProjectSection
EndProject
Project("{8BC9CEB8-8B4A-11D0-8D11-00A0C91BC942}") = "LowLevelAABB", "LowLevelAABB.vcxproj", "{4F679688-480C-3D02-BABD-4A575956421B}"
	ProjectSection(ProjectDependencies) = postProject
		{ED8EE851-AC24-3760-BDF8-F77469B31DF0} = {ED8EE851-AC24-3760-BDF8-F77469B31DF0}
	EndProjectSection
EndProject
Project("{8BC9CEB8-8B4A-11D0-8D11-00A0C91BC942}") = "LowLevelDynamics", "LowLevelDynamics.vcxproj", "{CEF87C54-D15D-3874-AF7E-8A0EA76232F4}"
	ProjectSection(ProjectDependencies) = postProject
		{ED8EE851-AC24-3760-BDF8-F77469B31DF0} = {ED8EE851-AC24-3760-BDF8-F77469B31DF0}
	EndProjectSection
EndProject
Project("{8BC9CEB8-8B4A-11D0-8D11-00A0C91BC942}") = "PhysX", "PhysX.vcxproj", "{9AFA88BE-6CBA-3681-A435-ADCDC219F9F2}"
	ProjectSection(ProjectDependencies) = postProject
		{F9E33A35-EAF7-37E0-99CE-6942C5A8582C} = {F9E33A35-EAF7-37E0-99CE-6942C5A8582C}
		{4F679688-480C-3D02-BABD-4A575956421B} = {4F679688-480C-3D02-BABD-4A575956421B}
		{CEF87C54-D15D-3874-AF7E-8A0EA76232F4} = {CEF87C54-D15D-3874-AF7E-8A0EA76232F4}
		{33B82076-5996-3F3F-A4BC-7C30045EE2D0} = {33B82076-5996-3F3F-A4BC-7C30045EE2D0}
		{F390AC61-A7B1-3E36-B686-0C16C6DB9DF9} = {F390AC61-A7B1-3E36-B686-0C16C6DB9DF9}
		{49EC873E-C2C1-3B11-AA38-26A3EC00582B} = {49EC873E-C2C1-3B11-AA38-26A3EC00582B}
		{66770FB4-BF47-3B35-B11A-1DA3C06FC088} = {66770FB4-BF47-3B35-B11A-1DA3C06FC088}
		{ADCC703B-319A-3AE2-8464-AE9F30CD3FAE} = {ADCC703B-319A-3AE2-8464-AE9F30CD3FAE}
		{1A34FEF0-DAC4-3494-A701-3AD43831D3ED} = {1A34FEF0-DAC4-3494-A701-3AD43831D3ED}
		{ED8EE851-AC24-3760-BDF8-F77469B31DF0} = {ED8EE851-AC24-3760-BDF8-F77469B31DF0}
	EndProjectSection
EndProject
Project("{8BC9CEB8-8B4A-11D0-8D11-00A0C91BC942}") = "PhysXCharacterKinematic", "PhysXCharacterKinematic.vcxproj", "{ECFFB0E7-7895-3060-91AD-591DB353DD95}"
	ProjectSection(ProjectDependencies) = postProject
		{F390AC61-A7B1-3E36-B686-0C16C6DB9DF9} = {F390AC61-A7B1-3E36-B686-0C16C6DB9DF9}
		{ED8EE851-AC24-3760-BDF8-F77469B31DF0} = {ED8EE851-AC24-3760-BDF8-F77469B31DF0}
	EndProjectSection
EndProject
Project("{8BC9CEB8-8B4A-11D0-8D11-00A0C91BC942}") = "PhysXCommon", "PhysXCommon.vcxproj", "{33B82076-5996-3F3F-A4BC-7C30045EE2D0}"
	ProjectSection(ProjectDependencies) = postProject
		{F390AC61-A7B1-3E36-B686-0C16C6DB9DF9} = {F390AC61-A7B1-3E36-B686-0C16C6DB9DF9}
		{ED8EE851-AC24-3760-BDF8-F77469B31DF0} = {ED8EE851-AC24-3760-BDF8-F77469B31DF0}
	EndProjectSection
EndProject
Project("{8BC9CEB8-8B4A-11D0-8D11-00A0C91BC942}") = "PhysXCooking", "PhysXCooking.vcxproj", "{609F7593-3257-3761-9A8F-844F7171F02A}"
	ProjectSection(ProjectDependencies) = postProject
		{33B82076-5996-3F3F-A4BC-7C30045EE2D0} = {33B82076-5996-3F3F-A4BC-7C30045EE2D0}
		{F390AC61-A7B1-3E36-B686-0C16C6DB9DF9} = {F390AC61-A7B1-3E36-B686-0C16C6DB9DF9}
		{ED8EE851-AC24-3760-BDF8-F77469B31DF0} = {ED8EE851-AC24-3760-BDF8-F77469B31DF0}
	EndProjectSection
EndProject
Project("{8BC9CEB8-8B4A-11D0-8D11-00A0C91BC942}") = "PhysXExtensions", "PhysXExtensions.vcxproj", "{3E6C3F09-91D6-3177-BD22-C30106EF8807}"
	ProjectSection(ProjectDependencies) = postProject
		{35704A94-53D6-3D4E-ADB7-855EFFC51DFC} = {35704A94-53D6-3D4E-ADB7-855EFFC51DFC}
		{9AFA88BE-6CBA-3681-A435-ADCDC219F9F2} = {9AFA88BE-6CBA-3681-A435-ADCDC219F9F2}
		{F390AC61-A7B1-3E36-B686-0C16C6DB9DF9} = {F390AC61-A7B1-3E36-B686-0C16C6DB9DF9}
		{49EC873E-C2C1-3B11-AA38-26A3EC00582B} = {49EC873E-C2C1-3B11-AA38-26A3EC00582B}
		{ED8EE851-AC24-3760-BDF8-F77469B31DF0} = {ED8EE851-AC24-3760-BDF8-F77469B31DF0}
	EndProjectSection
EndProject
Project("{8BC9CEB8-8B4A-11D0-8D11-00A0C91BC942}") = "PhysXFoundation", "PhysXFoundation.vcxproj", "{F390AC61-A7B1-3E36-B686-0C16C6DB9DF9}"
	ProjectSection(ProjectDependencies) = postProject
		{ED8EE851-AC24-3760-BDF8-F77469B31DF0} = {ED8EE851-AC24-3760-BDF8-F77469B31DF0}
	EndProjectSection
EndProject
Project("{8BC9CEB8-8B4A-11D0-8D11-00A0C91BC942}") = "PhysXPvdSDK", "PhysXPvdSDK.vcxproj", "{49EC873E-C2C1-3B11-AA38-26A3EC00582B}"
	ProjectSection(ProjectDependencies) = postProject
		{F390AC61-A7B1-3E36-B686-0C16C6DB9DF9} = {F390AC61-A7B1-3E36-B686-0C16C6DB9DF9}
		{ED8EE851-AC24-3760-BDF8-F77469B31DF0} = {ED8EE851-AC24-3760-BDF8-F77469B31DF0}
	EndProjectSection
EndProject
Project("{8BC9CEB8-8B4A-11D0-8D11-00A0C91BC942}") = "PhysXTask", "PhysXTask.vcxproj", "{66770FB4-BF47-3B35-B11A-1DA3C06FC088}"
	ProjectSection(ProjectDependencies) = postProject
		{ED8EE851-AC24-3760-BDF8-F77469B31DF0} = {ED8EE851-AC24-3760-BDF8-F77469B31DF0}
	EndProjectSection
EndProject
Project("{8BC9CEB8-8B4A-11D0-8D11-00A0C91BC942}") = "PhysXVehicle", "PhysXVehicle.vcxproj", "{1A414E1B-5EE2-3DA8-BDB2-6BFB37A14167}"
	ProjectSection(ProjectDependencies) = postProject
		{F390AC61-A7B1-3E36-B686-0C16C6DB9DF9} = {F390AC61-A7B1-3E36-B686-0C16C6DB9DF9}
		{49EC873E-C2C1-3B11-AA38-26A3EC00582B} = {49EC873E-C2C1-3B11-AA38-26A3EC00582B}
		{ED8EE851-AC24-3760-BDF8-F77469B31DF0} = {ED8EE851-AC24-3760-BDF8-F77469B31DF0}
	EndProjectSection
EndProject
Project("{8BC9CEB8-8B4A-11D0-8D11-00A0C91BC942}") = "SceneQuery", "SceneQuery.vcxproj", "{ADCC703B-319A-3AE2-8464-AE9F30CD3FAE}"
	ProjectSection(ProjectDependencies) = postProject
		{ED8EE851-AC24-3760-BDF8-F77469B31DF0} = {ED8EE851-AC24-3760-BDF8-F77469B31DF0}
	EndProjectSection
EndProject
Project("{8BC9CEB8-8B4A-11D0-8D11-00A0C91BC942}") = "SimulationController", "SimulationController.vcxproj", "{1A34FEF0-DAC4-3494-A701-3AD43831D3ED}"
	ProjectSection(ProjectDependencies) = postProject
		{ED8EE851-AC24-3760-BDF8-F77469B31DF0} = {ED8EE851-AC24-3760-BDF8-F77469B31DF0}
	EndProjectSection
EndProject
Project("{8BC9CEB8-8B4A-11D0-8D11-00A0C91BC942}") = "ZERO_CHECK", "..\\ZERO_CHECK.vcxproj", "{ED8EE851-AC24-3760-BDF8-F77469B31DF0}"
	ProjectSection(ProjectDependencies) = postProject
	EndProjectSection
EndProject
Global
	GlobalSection(SolutionConfigurationPlatforms) = preSolution
		debug|x64 = debug|x64
		checked|x64 = checked|x64
		profile|x64 = profile|x64
		release|x64 = release|x64
	EndGlobalSection
	GlobalSection(ProjectConfigurationPlatforms) = postSolution
		{CA88BDA9-62C9-3792-A60E-6122FDC4F64A}.debug|x64.ActiveCfg = debug|x64
		{CA88BDA9-62C9-3792-A60E-6122FDC4F64A}.debug|x64.Build.0 = debug|x64
		{CA88BDA9-62C9-3792-A60E-6122FDC4F64A}.checked|x64.ActiveCfg = checked|x64
		{CA88BDA9-62C9-3792-A60E-6122FDC4F64A}.checked|x64.Build.0 = checked|x64
		{CA88BDA9-62C9-3792-A60E-6122FDC4F64A}.profile|x64.ActiveCfg = profile|x64
		{CA88BDA9-62C9-3792-A60E-6122FDC4F64A}.profile|x64.Build.0 = profile|x64
		{CA88BDA9-62C9-3792-A60E-6122FDC4F64A}.release|x64.ActiveCfg = release|x64
		{CA88BDA9-62C9-3792-A60E-6122FDC4F64A}.release|x64.Build.0 = release|x64
		{35704A94-53D6-3D4E-ADB7-855EFFC51DFC}.debug|x64.ActiveCfg = debug|x64
		{35704A94-53D6-3D4E-ADB7-855EFFC51DFC}.debug|x64.Build.0 = debug|x64
		{35704A94-53D6-3D4E-ADB7-855EFFC51DFC}.checked|x64.ActiveCfg = checked|x64
		{35704A94-53D6-3D4E-ADB7-855EFFC51DFC}.checked|x64.Build.0 = checked|x64
		{35704A94-53D6-3D4E-ADB7-855EFFC51DFC}.profile|x64.ActiveCfg = profile|x64
		{35704A94-53D6-3D4E-ADB7-855EFFC51DFC}.profile|x64.Build.0 = profile|x64
		{35704A94-53D6-3D4E-ADB7-855EFFC51DFC}.release|x64.ActiveCfg = release|x64
		{35704A94-53D6-3D4E-ADB7-855EFFC51DFC}.release|x64.Build.0 = release|x64
		{DED6338C-8C3C-3F64-A0F8-E18FCBDFAAB5}.debug|x64.ActiveCfg = debug|x64
		{DED6338C-8C3C-3F64-A0F8-E18FCBDFAAB5}.checked|x64.ActiveCfg = checked|x64
		{DED6338C-8C3C-3F64-A0F8-E18FCBDFAAB5}.profile|x64.ActiveCfg = profile|x64
		{DED6338C-8C3C-3F64-A0F8-E18FCBDFAAB5}.release|x64.ActiveCfg = release|x64
		{F9E33A35-EAF7-37E0-99CE-6942C5A8582C}.debug|x64.ActiveCfg = debug|x64
		{F9E33A35-EAF7-37E0-99CE-6942C5A8582C}.debug|x64.Build.0 = debug|x64
		{F9E33A35-EAF7-37E0-99CE-6942C5A8582C}.checked|x64.ActiveCfg = checked|x64
		{F9E33A35-EAF7-37E0-99CE-6942C5A8582C}.checked|x64.Build.0 = checked|x64
		{F9E33A35-EAF7-37E0-99CE-6942C5A8582C}.profile|x64.ActiveCfg = profile|x64
		{F9E33A35-EAF7-37E0-99CE-6942C5A8582C}.profile|x64.Build.0 = profile|x64
		{F9E33A35-EAF7-37E0-99CE-6942C5A8582C}.release|x64.ActiveCfg = release|x64
		{F9E33A35-EAF7-37E0-99CE-6942C5A8582C}.release|x64.Build.0 = release|x64
		{4F679688-480C-3D02-BABD-4A575956421B}.debug|x64.ActiveCfg = debug|x64
		{4F679688-480C-3D02-BABD-4A575956421B}.debug|x64.Build.0 = debug|x64
		{4F679688-480C-3D02-BABD-4A575956421B}.checked|x64.ActiveCfg = checked|x64
		{4F679688-480C-3D02-BABD-4A575956421B}.checked|x64.Build.0 = checked|x64
		{4F679688-480C-3D02-BABD-4A575956421B}.profile|x64.ActiveCfg = profile|x64
		{4F679688-480C-3D02-BABD-4A575956421B}.profile|x64.Build.0 = profile|x64
		{4F679688-480C-3D02-BABD-4A575956421B}.release|x64.ActiveCfg = release|x64
		{4F679688-480C-3D02-BABD-4A575956421B}.release|x64.Build.0 = release|x64
		{CEF87C54-D15D-3874-AF7E-8A0EA76232F4}.debug|x64.ActiveCfg = debug|x64
		{CEF87C54-D15D-3874-AF7E-8A0EA76232F4}.debug|x64.Build.0 = debug|x64
		{CEF87C54-D15D-3874-AF7E-8A0EA76232F4}.checked|x64.ActiveCfg = checked|x64
		{CEF87C54-D15D-3874-AF7E-8A0EA76232F4}.checked|x64.Build.0 = checked|x64
		{CEF87C54-D15D-3874-AF7E-8A0EA76232F4}.profile|x64.ActiveCfg = profile|x64
		{CEF87C54-D15D-3874-AF7E-8A0EA76232F4}.profile|x64.Build.0 = profile|x64
		{CEF87C54-D15D-3874-AF7E-8A0EA76232F4}.release|x64.ActiveCfg = release|x64
		{CEF87C54-D15D-3874-AF7E-8A0EA76232F4}.release|x64.Build.0 = release|x64
		{9AFA88BE-6CBA-3681-A435-ADCDC219F9F2}.debug|x64.ActiveCfg = debug|x64
		{9AFA88BE-6CBA-3681-A435-ADCDC219F9F2}.debug|x64.Build.0 = debug|x64
		{9AFA88BE-6CBA-3681-A435-ADCDC219F9F2}.checked|x64.ActiveCfg = checked|x64
		{9AFA88BE-6CBA-3681-A435-ADCDC219F9F2}.checked|x64.Build.0 = checked|x64
		{9AFA88BE-6CBA-3681-A435-ADCDC219F9F2}.profile|x64.ActiveCfg = profile|x64
		{9AFA88BE-6CBA-3681-A435-ADCDC219F9F2}.profile|x64.Build.0 = profile|x64
		{9AFA88BE-6CBA-3681-A435-ADCDC219F9F2}.release|x64.ActiveCfg = release|x64
		{9AFA88BE-6CBA-3681-A435-ADCDC219F9F2}.release|x64.Build.0 = release|x64
		{ECFFB0E7-7895-3060-91AD-591DB353DD95}.debug|x64.ActiveCfg = debug|x64
		{ECFFB0E7-7895-3060-91AD-591DB353DD95}.debug|x64.Build.0 = debug|x64
		{ECFFB0E7-7895-3060-91AD-591DB353DD95}.checked|x64.ActiveCfg = checked|x64
		{ECFFB0E7-7895-3060-91AD-591DB353DD95}.checked|x64.Build.0 = checked|x64
		{ECFFB0E7-7895-3060-91AD-591DB353DD95}.profile|x64.ActiveCfg = profile|x64
		{ECFFB0E7-7895-3060-91AD-591DB353DD95}.profile|x64.Build.0 = profile|x64
		{ECFFB0E7-7895-3060-91AD-591DB353DD95}.release|x64.ActiveCfg = release|x64
		{ECFFB0E7-7895-3060-91AD-591DB353DD95}.release|x64.Build.0 = release|x64
		{33B82076-5996-3F3F-A4BC-7C30045EE2D0}.debug|x64.ActiveCfg = debug|x64
		{33B82076-5996-3F3F-A4BC-7C30045EE2D0}.debug|x64.Build.0 = debug|x64
		{33B82076-5996-3F3F-A4BC-7C30045EE2D0}.checked|x64.ActiveCfg = checked|x64
		{33B82076-5996-3F3F-A4BC-7C30045EE2D0}.checked|x64.Build.0 = checked|x64
		{33B82076-5996-3F3F-A4BC-7C30045EE2D0}.profile|x64.ActiveCfg = profile|x64
		{33B82076-5996-3F3F-A4BC-7C30045EE2D0}.profile|x64.Build.0 = profile|x64
		{33B82076-5996-3F3F-A4BC-7C30045EE2D0}.release|x64.ActiveCfg = release|x64
		{33B82076-5996-3F3F-A4BC-7C30045EE2D0}.release|x64.Build.0 = release|x64
		{609F7593-3257-3761-9A8F-844F7171F02A}.debug|x64.ActiveCfg = debug|x64
		{609F7593-3257-3761-9A8F-844F7171F02A}.debug|x64.Build.0 = debug|x64
		{609F7593-3257-3761-9A8F-844F7171F02A}.checked|x64.ActiveCfg = checked|x64
		{609F7593-3257-3761-9A8F-844F7171F02A}.checked|x64.Build.0 = checked|x64
		{609F7593-3257-3761-9A8F-844F7171F02A}.profile|x64.ActiveCfg = profile|x64
		{609F7593-3257-3761-9A8F-844F7171F02A}.profile|x64.Build.0 = profile|x64
		{609F7593-3257-3761-9A8F-844F7171F02A}.release|x64.ActiveCfg = release|x64
		{609F7593-3257-3761-9A8F-844F7171F02A}.release|x64.Build.0 = release|x64
		{3E6C3F09-91D6-3177-BD22-C30106EF8807}.debug|x64.ActiveCfg = debug|x64
		{3E6C3F09-91D6-3177-BD22-C30106EF8807}.debug|x64.Build.0 = debug|x64
		{3E6C3F09-91D6-3177-BD22-C30106EF8807}.checked|x64.ActiveCfg = checked|x64
		{3E6C3F09-91D6-3177-BD22-C30106EF8807}.checked|x64.Build.0 = checked|x64
		{3E6C3F09-91D6-3177-BD22-C30106EF8807}.profile|x64.ActiveCfg = profile|x64
		{3E6C3F09-91D6-3177-BD22-C30106EF8807}.profile|x64.Build.0 = profile|x64
		{3E6C3F09-91D6-3177-BD22-C30106EF8807}.release|x64.ActiveCfg = release|x64
		{3E6C3F09-91D6-3177-BD22-C30106EF8807}.release|x64.Build.0 = release|x64
		{F390AC61-A7B1-3E36-B686-0C16C6DB9DF9}.debug|x64.ActiveCfg = debug|x64
		{F390AC61-A7B1-3E36-B686-0C16C6DB9DF9}.debug|x64.Build.0 = debug|x64
		{F390AC61-A7B1-3E36-B686-0C16C6DB9DF9}.checked|x64.ActiveCfg = checked|x64
		{F390AC61-A7B1-3E36-B686-0C16C6DB9DF9}.checked|x64.Build.0 = checked|x64
		{F390AC61-A7B1-3E36-B686-0C16C6DB9DF9}.profile|x64.ActiveCfg = profile|x64
		{F390AC61-A7B1-3E36-B686-0C16C6DB9DF9}.profile|x64.Build.0 = profile|x64
		{F390AC61-A7B1-3E36-B686-0C16C6DB9DF9}.release|x64.ActiveCfg = release|x64
		{F390AC61-A7B1-3E36-B686-0C16C6DB9DF9}.release|x64.Build.0 = release|x64
		{49EC873E-C2C1-3B11-AA38-26A3EC00582B}.debug|x64.ActiveCfg = debug|x64
		{49EC873E-C2C1-3B11-AA38-26A3EC00582B}.debug|x64.Build.0 = debug|x64
		{49EC873E-C2C1-3B11-AA38-26A3EC00582B}.checked|x64.ActiveCfg = checked|x64
		{49EC873E-C2C1-3B11-AA38-26A3EC00582B}.checked|x64.Build.0 = checked|x64
		{49EC873E-C2C1-3B11-AA38-26A3EC00582B}.profile|x64.ActiveCfg = profile|x64
		{49EC873E-C2C1-3B11-AA38-26A3EC00582B}.profile|x64.Build.0 = profile|x64
		{49EC873E-C2C1-3B11-AA38-26A3EC00582B}.release|x64.ActiveCfg = release|x64
		{49EC873E-C2C1-3B11-AA38-26A3EC00582B}.release|x64.Build.0 = release|x64
		{66770FB4-BF47-3B35-B11A-1DA3C06FC088}.debug|x64.ActiveCfg = debug|x64
		{66770FB4-BF47-3B35-B11A-1DA3C06FC088}.debug|x64.Build.0 = debug|x64
		{66770FB4-BF47-3B35-B11A-1DA3C06FC088}.checked|x64.ActiveCfg = checked|x64
		{66770FB4-BF47-3B35-B11A-1DA3C06FC088}.checked|x64.Build.0 = checked|x64
		{66770FB4-BF47-3B35-B11A-1DA3C06FC088}.profile|x64.ActiveCfg = profile|x64
		{66770FB4-BF47-3B35-B11A-1DA3C06FC088}.profile|x64.Build.0 = profile|x64
		{66770FB4-BF47-3B35-B11A-1DA3C06FC088}.release|x64.ActiveCfg = release|x64
		{66770FB4-BF47-3B35-B11A-1DA3C06FC088}.release|x64.Build.0 = release|x64
		{1A414E1B-5EE2-3DA8-BDB2-6BFB37A14167}.debug|x64.ActiveCfg = debug|x64
		{1A414E1B-5EE2-3DA8-BDB2-6BFB37A14167}.debug|x64.Build.0 = debug|x64
		{1A414E1B-5EE2-3DA8-BDB2-6BFB37A14167}.checked|x64.ActiveCfg = checked|x64
		{1A414E1B-5EE2-3DA8-BDB2-6BFB37A14167}.checked|x64.Build.0 = checked|x64
		{1A414E1B-5EE2-3DA8-BDB2-6BFB37A14167}.profile|x64.ActiveCfg = profile|x64
		{1A414E1B-5EE2-3DA8-BDB2-6BFB37A14167}.profile|x64.Build.0 = profile|x64
		{1A414E1B-5EE2-3DA8-BDB2-6BFB37A14167}.release|x64.ActiveCfg = release|x64
		{1A414E1B-5EE2-3DA8-BDB2-6BFB37A14167}.release|x64.Build.0 = release|x64
		{ADCC703B-319A-3AE2-8464-AE9F30CD3FAE}.debug|x64.ActiveCfg = debug|x64
		{ADCC703B-319A-3AE2-8464-AE9F30CD3FAE}.debug|x64.Build.0 = debug|x64
		{ADCC703B-319A-3AE2-8464-AE9F30CD3FAE}.checked|x64.ActiveCfg = checked|x64
		{ADCC703B-319A-3AE2-8464-AE9F30CD3FAE}.checked|x64.Build.0 = checked|x64
		{ADCC703B-319A-3AE2-8464-AE9F30CD3FAE}.profile|x64.ActiveCfg = profile|x64
		{ADCC703B-319A-3AE2-8464-AE9F30CD3FAE}.profile|x64.Build.0 = profile|x64
		{ADCC703B-319A-3AE2-8464-AE9F30CD3FAE}.release|x64.ActiveCfg = release|x64
		{ADCC703B-319A-3AE2-8464-AE9F30CD3FAE}.release|x64.Build.0 = release|x64
		{1A34FEF0-DAC4-3494-A701-3AD43831D3ED}.debug|x64.ActiveCfg = debug|x64
		{1A34FEF0-DAC4-3494-A701-3AD43831D3ED}.debug|x64.Build.0 = debug|x64
		{1A34FEF0-DAC4-3494-A701-3AD43831D3ED}.checked|x64.ActiveCfg = checked|x64
		{1A34FEF0-DAC4-3494-A701-3AD43831D3ED}.checked|x64.Build.0 = checked|x64
		{1A34FEF0-DAC4-3494-A701-3AD43831D3ED}.profile|x64.ActiveCfg = profile|x64
		{1A34FEF0-DAC4-3494-A701-3AD43831D3ED}.profile|x64.Build.0 = profile|x64
		{1A34FEF0-DAC4-3494-A701-3AD43831D3ED}.release|x64.ActiveCfg = release|x64
		{1A34FEF0-DAC4-3494-A701-3AD43831D3ED}.release|x64.Build.0 = release|x64
		{ED8EE851-AC24-3760-BDF8-F77469B31DF0}.debug|x64.ActiveCfg = debug|x64
		{ED8EE851-AC24-3760-BDF8-F77469B31DF0}.debug|x64.Build.0 = debug|x64
		{ED8EE851-AC24-3760-BDF8-F77469B31DF0}.checked|x64.ActiveCfg = checked|x64
		{ED8EE851-AC24-3760-BDF8-F77469B31DF0}.checked|x64.Build.0 = checked|x64
		{ED8EE851-AC24-3760-BDF8-F77469B31DF0}.profile|x64.ActiveCfg = profile|x64
		{ED8EE851-AC24-3760-BDF8-F77469B31DF0}.profile|x64.Build.0 = profile|x64
		{ED8EE851-AC24-3760-BDF8-F77469B31DF0}.release|x64.ActiveCfg = release|x64
		{ED8EE851-AC24-3760-BDF8-F77469B31DF0}.release|x64.Build.0 = release|x64
	EndGlobalSection
	GlobalSection(NestedProjects) = preSolution
		{CA88BDA9-62C9-3792-A60E-6122FDC4F64A} = {4E48C06A-02F6-30DB-A207-35FB586BFCBD}
		{DED6338C-8C3C-3F64-A0F8-E18FCBDFAAB5} = {4E48C06A-02F6-30DB-A207-35FB586BFCBD}
		{ED8EE851-AC24-3760-BDF8-F77469B31DF0} = {4E48C06A-02F6-30DB-A207-35FB586BFCBD}
		{35704A94-53D6-3D4E-ADB7-855EFFC51DFC} = {B7BA23DA-AD4B-3451-9FA6-44E233E6E78B}
		{F9E33A35-EAF7-37E0-99CE-6942C5A8582C} = {B7BA23DA-AD4B-3451-9FA6-44E233E6E78B}
		{4F679688-480C-3D02-BABD-4A575956421B} = {B7BA23DA-AD4B-3451-9FA6-44E233E6E78B}
		{CEF87C54-D15D-3874-AF7E-8A0EA76232F4} = {B7BA23DA-AD4B-3451-9FA6-44E233E6E78B}
		{9AFA88BE-6CBA-3681-A435-ADCDC219F9F2} = {B7BA23DA-AD4B-3451-9FA6-44E233E6E78B}
		{ECFFB0E7-7895-3060-91AD-591DB353DD95} = {B7BA23DA-AD4B-3451-9FA6-44E233E6E78B}
		{33B82076-5996-3F3F-A4BC-7C30045EE2D0} = {B7BA23DA-AD4B-3451-9FA6-44E233E6E78B}
		{609F7593-3257-3761-9A8F-844F7171F02A} = {B7BA23DA-AD4B-3451-9FA6-44E233E6E78B}
		{3E6C3F09-91D6-3177-BD22-C30106EF8807} = {B7BA23DA-AD4B-3451-9FA6-44E233E6E78B}
		{F390AC61-A7B1-3E36-B686-0C16C6DB9DF9} = {B7BA23DA-AD4B-3451-9FA6-44E233E6E78B}
		{49EC873E-C2C1-3B11-AA38-26A3EC00582B} = {B7BA23DA-AD4B-3451-9FA6-44E233E6E78B}
		{66770FB4-BF47-3B35-B11A-1DA3C06FC088} = {B7BA23DA-AD4B-3451-9FA6-44E233E6E78B}
		{1A414E1B-5EE2-3DA8-BDB2-6BFB37A14167} = {B7BA23DA-AD4B-3451-9FA6-44E233E6E78B}
		{ADCC703B-319A-3AE2-8464-AE9F30CD3FAE} = {B7BA23DA-AD4B-3451-9FA6-44E233E6E78B}
		{1A34FEF0-DAC4-3494-A701-3AD43831D3ED} = {B7BA23DA-AD4B-3451-9FA6-44E233E6E78B}
	EndGlobalSection
	GlobalSection(ExtensibilityGlobals) = postSolution
		SolutionGuid = {EAD31909-E63F-3432-B185-A43B2BE4B80D}
	EndGlobalSection
	GlobalSection(ExtensibilityAddIns) = postSolution
	EndGlobalSection
EndGlobal
